{
  "object": {
    "pins": [
      {
        "package": "Nimble",
        "repositoryURL": "https://github.com/Quick/Nimble.git",
        "state": {
          "branch": null,
          "revision": "cd6dfb86f496fcd96ce0bc6da962cd936bf41903",
          "version": "7.3.1"
        }
      }
    ]
  },
  "version": 1
}
