{
  "object": {
    "pins": [
      {
        "package": "Nimble",
        "repositoryURL": "https://github.com/Quick/Nimble.git",
        "state": {
          "branch": null,
          "revision": "df937ffd185b3dd1a44e0c234121cf826b599eb4",
          "version": "7.3.2"
        }
      }
    ]
  },
  "version": 1
}
