// !$*UTF8*$!
{
	archiveVersion = 1;
	classes = {
	};
	objectVersion = 53;
	objects = {

/* Begin PBXAggregateTarget section */
		732D8D691E516780008558BD /* SwiftLint */ = {
			isa = PBXAggregateTarget;
			buildConfigurationList = 732D8D6A1E516780008558BD /* Build configuration list for PBXAggregateTarget "SwiftLint" */;
			buildPhases = (
				732D8D6D1E516789008558BD /* ShellScript */,
			);
			dependencies = (
			);
			name = SwiftLint;
			productName = SwiftLint;
		};
/* End PBXAggregateTarget section */

/* Begin PBXBuildFile section */
		1E44417B2988A362009AE584 /* AsyncSpec.swift in Sources */ = {isa = PBXBuildFile; fileRef = 1E4441772988A362009AE584 /* AsyncSpec.swift */; };
		1E44417C2988A362009AE584 /* AsyncExampleGroup.swift in Sources */ = {isa = PBXBuildFile; fileRef = 1E4441782988A362009AE584 /* AsyncExampleGroup.swift */; };
		1E44417D2988A362009AE584 /* AsyncWorld.swift in Sources */ = {isa = PBXBuildFile; fileRef = 1E4441792988A362009AE584 /* AsyncWorld.swift */; };
		1E44417E2988A362009AE584 /* AsyncBehavior.swift in Sources */ = {isa = PBXBuildFile; fileRef = 1E44417A2988A362009AE584 /* AsyncBehavior.swift */; };
		1E4441812988A36D009AE584 /* AsyncDSL.swift in Sources */ = {isa = PBXBuildFile; fileRef = 1E44417F2988A36D009AE584 /* AsyncDSL.swift */; };
		1E4441822988A36D009AE584 /* AsyncWorld+DSL.swift in Sources */ = {isa = PBXBuildFile; fileRef = 1E4441802988A36D009AE584 /* AsyncWorld+DSL.swift */; };
		1E4441862988A3A4009AE584 /* AsyncExampleHooks.swift in Sources */ = {isa = PBXBuildFile; fileRef = 1E4441852988A3A4009AE584 /* AsyncExampleHooks.swift */; };
		1E4441A32988A3FA009AE584 /* AfterEachAsyncTests.swift in Sources */ = {isa = PBXBuildFile; fileRef = 1E4441922988A3D4009AE584 /* AfterEachAsyncTests.swift */; };
		1E4441A52988A3FA009AE584 /* ContextAsyncTests.swift in Sources */ = {isa = PBXBuildFile; fileRef = 1E44418A2988A3D4009AE584 /* ContextAsyncTests.swift */; };
		1E4441A72988A3FA009AE584 /* AsyncBehaviorTests.swift in Sources */ = {isa = PBXBuildFile; fileRef = 1E44418B2988A3D4009AE584 /* AsyncBehaviorTests.swift */; };
		1E4441A82988A3FA009AE584 /* BeforeEachAsyncTests.swift in Sources */ = {isa = PBXBuildFile; fileRef = 1E4441912988A3D4009AE584 /* BeforeEachAsyncTests.swift */; };
		1E4441A92988A3FA009AE584 /* DescribeAsyncTests.swift in Sources */ = {isa = PBXBuildFile; fileRef = 1E4441942988A3D4009AE584 /* DescribeAsyncTests.swift */; };
		1E4441AA2988A3FA009AE584 /* ItAsyncTests.swift in Sources */ = {isa = PBXBuildFile; fileRef = 1E4441892988A3D4009AE584 /* ItAsyncTests.swift */; };
		1E4441AB2988A3FA009AE584 /* AroundEachAsyncTests.swift in Sources */ = {isa = PBXBuildFile; fileRef = 1E44418E2988A3D4009AE584 /* AroundEachAsyncTests.swift */; };
		1E4441AC2988A3FA009AE584 /* JustBeforeEachAsyncTests.swift in Sources */ = {isa = PBXBuildFile; fileRef = 1E4441902988A3D4009AE584 /* JustBeforeEachAsyncTests.swift */; };
		1E4441AD2988A3FA009AE584 /* PendingAsyncTests.swift in Sources */ = {isa = PBXBuildFile; fileRef = 1E44418D2988A3D4009AE584 /* PendingAsyncTests.swift */; };
		1E4441AE2988A3FA009AE584 /* CrossReferencingAsyncSpecs.swift in Sources */ = {isa = PBXBuildFile; fileRef = 1E44418C2988A3D4009AE584 /* CrossReferencingAsyncSpecs.swift */; };
		1E4441C72988A403009AE584 /* NSObject+MethodList.swift in Sources */ = {isa = PBXBuildFile; fileRef = 1E4441A12988A3E8009AE584 /* NSObject+MethodList.swift */; };
		1E4441CA2988A40D009AE584 /* NSObject+MethodList.swift in Sources */ = {isa = PBXBuildFile; fileRef = 1E4441A12988A3E8009AE584 /* NSObject+MethodList.swift */; };
		1E4441DF2988A46C009AE584 /* FacusedTests+Async.swift in Sources */ = {isa = PBXBuildFile; fileRef = 1E4441DD2988A461009AE584 /* FacusedTests+Async.swift */; };
		1E4441E32988A51A009AE584 /* FunctionalTests_AsyncBehaviorTests_AsyncBehaviors.swift in Sources */ = {isa = PBXBuildFile; fileRef = 1E4441E22988A51A009AE584 /* FunctionalTests_AsyncBehaviorTests_AsyncBehaviors.swift */; };
		1E9FED93297A1A6900139B91 /* AsyncExample.swift in Sources */ = {isa = PBXBuildFile; fileRef = 1E9FED92297A1A6900139B91 /* AsyncExample.swift */; };
		1FD0CFAD1AFA0B8C00874CC1 /* Nimble.framework in Frameworks */ = {isa = PBXBuildFile; fileRef = F8100E901A1E4447007595ED /* Nimble.framework */; };
		34C586011C4ABD3F00D4F057 /* XCTestCaseProvider.swift in Sources */ = {isa = PBXBuildFile; fileRef = 34ACFB7B1C34859300942064 /* XCTestCaseProvider.swift */; };
		34C586021C4ABD3F00D4F057 /* XCTestCaseProvider.swift in Sources */ = {isa = PBXBuildFile; fileRef = 34ACFB7B1C34859300942064 /* XCTestCaseProvider.swift */; };
		34C586081C4AC5E500D4F057 /* ErrorUtility.swift in Sources */ = {isa = PBXBuildFile; fileRef = 34C586071C4AC5E500D4F057 /* ErrorUtility.swift */; };
		34F375A719515CA700CE1B99 /* Callsite.swift in Sources */ = {isa = PBXBuildFile; fileRef = 34F3759C19515CA700CE1B99 /* Callsite.swift */; };
		34F375AD19515CA700CE1B99 /* ExampleGroup.swift in Sources */ = {isa = PBXBuildFile; fileRef = 34F3759F19515CA700CE1B99 /* ExampleGroup.swift */; };
		34F375B719515CA700CE1B99 /* QuickSpec.h in Headers */ = {isa = PBXBuildFile; fileRef = 34F375A419515CA700CE1B99 /* QuickSpec.h */; settings = {ATTRIBUTES = (Public, ); }; };
		34F375B919515CA700CE1B99 /* QuickSpec.m in Sources */ = {isa = PBXBuildFile; fileRef = 34F375A519515CA700CE1B99 /* QuickSpec.m */; };
		34F375BB19515CA700CE1B99 /* World.swift in Sources */ = {isa = PBXBuildFile; fileRef = 34F375A619515CA700CE1B99 /* World.swift */; };
		470D6ECB1A43442400043E50 /* AfterEachTests+ObjC.m in Sources */ = {isa = PBXBuildFile; fileRef = 470D6EC91A43409600043E50 /* AfterEachTests+ObjC.m */; };
		471590401A488F3F00FBA644 /* PendingTests+ObjC.m in Sources */ = {isa = PBXBuildFile; fileRef = 4715903F1A488F3F00FBA644 /* PendingTests+ObjC.m */; };
		4728253B1A5EECCE008DC74F /* SharedExamplesTests+ObjC.m in Sources */ = {isa = PBXBuildFile; fileRef = 4728253A1A5EECCE008DC74F /* SharedExamplesTests+ObjC.m */; };
		4748E8941A6AEBB3009EC992 /* SharedExamples+BeforeEachTests+ObjC.m in Sources */ = {isa = PBXBuildFile; fileRef = 4748E8931A6AEBB3009EC992 /* SharedExamples+BeforeEachTests+ObjC.m */; };
		47876F7D1A49AD63002575C7 /* BeforeSuiteTests+ObjC.m in Sources */ = {isa = PBXBuildFile; fileRef = 47876F7B1A4999B0002575C7 /* BeforeSuiteTests+ObjC.m */; };
		479C31E31A36171B00DA8718 /* ItTests+ObjC.m in Sources */ = {isa = PBXBuildFile; fileRef = 479C31E11A36156E00DA8718 /* ItTests+ObjC.m */; };
		47FAEA361A3F49E6005A1D2F /* BeforeEachTests+ObjC.m in Sources */ = {isa = PBXBuildFile; fileRef = 47FAEA341A3F45ED005A1D2F /* BeforeEachTests+ObjC.m */; };
		61572A8E28E3959D00C5A80D /* JustBeforeEachTests+Objc.m in Sources */ = {isa = PBXBuildFile; fileRef = 61572A8D28E3959D00C5A80D /* JustBeforeEachTests+Objc.m */; };
		61E9B99628C6FD0E00CA9AAC /* JustBeforeEachTests.swift in Sources */ = {isa = PBXBuildFile; fileRef = 61E9B99528C6FD0E00CA9AAC /* JustBeforeEachTests.swift */; };
		64076CEF1D6D7C2000E2B499 /* Quick.framework in Frameworks */ = {isa = PBXBuildFile; fileRef = DAEB6B8E1943873100289F44 /* Quick.framework */; };
		64076CF01D6D7C2000E2B499 /* Nimble.framework in Frameworks */ = {isa = PBXBuildFile; fileRef = F8100E901A1E4447007595ED /* Nimble.framework */; };
		64076D211D6D7E4D00E2B499 /* AfterSuiteTests.swift in Sources */ = {isa = PBXBuildFile; fileRef = 64076D1D1D6D7D0B00E2B499 /* AfterSuiteTests.swift */; };
		79FE27DF22DC955400BA013D /* QuickSpec_SelectedTests.swift in Sources */ = {isa = PBXBuildFile; fileRef = 79FE27DE22DC955400BA013D /* QuickSpec_SelectedTests.swift */; };
		7B44ADBE1C5444940007AF2E /* HooksPhase.swift in Sources */ = {isa = PBXBuildFile; fileRef = 7B44ADBD1C5444940007AF2E /* HooksPhase.swift */; };
		7B5358CE1C3D4FBC00A23FAA /* ContextTests.swift in Sources */ = {isa = PBXBuildFile; fileRef = 7B5358CA1C3D4E2A00A23FAA /* ContextTests.swift */; };
		8961ABC827B3546E008DD498 /* SelectedTests+ObjC.m in Sources */ = {isa = PBXBuildFile; fileRef = 8961ABC727B3546E008DD498 /* SelectedTests+ObjC.m */; };
		89BFE9BF2A5270C400EC1C47 /* OrderingTests.swift in Sources */ = {isa = PBXBuildFile; fileRef = 89BFE9BE2A5270C400EC1C47 /* OrderingTests.swift */; };
		89BFE9C32A52713C00EC1C47 /* AsyncOrderingTests.swift in Sources */ = {isa = PBXBuildFile; fileRef = 89BFE9C22A52711000EC1C47 /* AsyncOrderingTests.swift */; };
		89D2C671284D9E18004B108C /* SubclassDetectionSpec.swift in Sources */ = {isa = PBXBuildFile; fileRef = 89D2C670284D9E18004B108C /* SubclassDetectionSpec.swift */; };
		89D2C675284DA77D004B108C /* SubclassDetection.swift in Sources */ = {isa = PBXBuildFile; fileRef = 89D2C674284DA77D004B108C /* SubclassDetection.swift */; };
		89E3F80E29F5AA8A00EA7370 /* AsyncSpec+testMethodSelectors.m in Sources */ = {isa = PBXBuildFile; fileRef = 89E3F80A29F5A94400EA7370 /* AsyncSpec+testMethodSelectors.m */; };
		89E3F81229F76EC100EA7370 /* TestSelectorNameProvider.swift in Sources */ = {isa = PBXBuildFile; fileRef = 89E3F81129F76EC100EA7370 /* TestSelectorNameProvider.swift */; };
		89E3F81B29F773E400EA7370 /* TestSelectorNameProviderTests.swift in Sources */ = {isa = PBXBuildFile; fileRef = 89E3F81529F7738B00EA7370 /* TestSelectorNameProviderTests.swift */; };
		89E8E59B290045AE003B08F0 /* Example.swift in Sources */ = {isa = PBXBuildFile; fileRef = 89E8E59A290045AE003B08F0 /* Example.swift */; };
		89EEF5C62A18693300988224 /* CurrentSpec.swift in Sources */ = {isa = PBXBuildFile; fileRef = 89EEF5C52A18693300988224 /* CurrentSpec.swift */; };
		8D010A571C11726F00633E2B /* DescribeTests.swift in Sources */ = {isa = PBXBuildFile; fileRef = 8D010A561C11726F00633E2B /* DescribeTests.swift */; };
		AED9C8631CC8A7BD00432F62 /* CrossReferencingSpecs.swift in Sources */ = {isa = PBXBuildFile; fileRef = AED9C8621CC8A7BD00432F62 /* CrossReferencingSpecs.swift */; };
		B5D59B3B2A57621C006D04D6 /* TestState.swift in Sources */ = {isa = PBXBuildFile; fileRef = B5D59B3A2A57621C006D04D6 /* TestState.swift */; };
		B5D59B422A57692E006D04D6 /* TestStateSpec.swift in Sources */ = {isa = PBXBuildFile; fileRef = B5D59B3E2A576233006D04D6 /* TestStateSpec.swift */; };
		CD1F6503226398F600EBE9D8 /* XCTestObservationCenter+QCKSuspendObservation.swift in Sources */ = {isa = PBXBuildFile; fileRef = CD1F6502226398F600EBE9D8 /* XCTestObservationCenter+QCKSuspendObservation.swift */; };
		CD1F6504226398F600EBE9D8 /* XCTestObservationCenter+QCKSuspendObservation.swift in Sources */ = {isa = PBXBuildFile; fileRef = CD1F6502226398F600EBE9D8 /* XCTestObservationCenter+QCKSuspendObservation.swift */; };
		CD21A026247C1385002C4762 /* QuickTestObservation.swift in Sources */ = {isa = PBXBuildFile; fileRef = CD21A025247C1385002C4762 /* QuickTestObservation.swift */; };
		CD264DBD1DDA147A0038B0EB /* AfterSuiteTests+ObjC.m in Sources */ = {isa = PBXBuildFile; fileRef = 64076D241D6D80B500E2B499 /* AfterSuiteTests+ObjC.m */; };
		CD582D732264C137008F7CE6 /* QuickSpecRunner.swift in Sources */ = {isa = PBXBuildFile; fileRef = CD582D722264C137008F7CE6 /* QuickSpecRunner.swift */; };
		CD582D742264C137008F7CE6 /* QuickSpecRunner.swift in Sources */ = {isa = PBXBuildFile; fileRef = CD582D722264C137008F7CE6 /* QuickSpecRunner.swift */; };
		CD89D175247A673100C1F086 /* Nimble.framework in Frameworks */ = {isa = PBXBuildFile; fileRef = F8100E901A1E4447007595ED /* Nimble.framework */; };
		CD89D176247A673100C1F086 /* Quick.framework in Frameworks */ = {isa = PBXBuildFile; fileRef = DAEB6B8E1943873100289F44 /* Quick.framework */; };
		CD89D17F247A68A100C1F086 /* SubclassOfSubclassWithStructPropertyTests.swift in Sources */ = {isa = PBXBuildFile; fileRef = CD89D17E247A68A000C1F086 /* SubclassOfSubclassWithStructPropertyTests.swift */; };
		CDE5BDFD2268CE95006E2F66 /* QuickConfiguration.swift in Sources */ = {isa = PBXBuildFile; fileRef = CD261AC81DEC8B0000A8863C /* QuickConfiguration.swift */; };
		CE175D4E1E8D6B4900EB5E84 /* Behavior.swift in Sources */ = {isa = PBXBuildFile; fileRef = CE175D4D1E8D6B4900EB5E84 /* Behavior.swift */; };
		CE4A57921EA725300063C0D4 /* FunctionalTests_BehaviorTests_Behaviors.swift in Sources */ = {isa = PBXBuildFile; fileRef = CE4A578D1EA7251C0063C0D4 /* FunctionalTests_BehaviorTests_Behaviors.swift */; };
		CE4A57941EA725440063C0D4 /* BehaviorTests.swift in Sources */ = {isa = PBXBuildFile; fileRef = CE4A57891EA5DC270063C0D4 /* BehaviorTests.swift */; };
		CE57CEDD1C430BD200D63004 /* NSBundle+CurrentTestBundle.swift in Sources */ = {isa = PBXBuildFile; fileRef = CE57CED81C430BD200D63004 /* NSBundle+CurrentTestBundle.swift */; };
		CE57CEDE1C430BD200D63004 /* QuickSelectedTestSuiteBuilder.swift in Sources */ = {isa = PBXBuildFile; fileRef = CE57CED91C430BD200D63004 /* QuickSelectedTestSuiteBuilder.swift */; };
		CE57CEDF1C430BD200D63004 /* QuickTestSuite.swift in Sources */ = {isa = PBXBuildFile; fileRef = CE57CEDA1C430BD200D63004 /* QuickTestSuite.swift */; };
		CE57CEE01C430BD200D63004 /* URL+FileName.swift in Sources */ = {isa = PBXBuildFile; fileRef = CE57CEDB1C430BD200D63004 /* URL+FileName.swift */; };
		CE57CEE11C430BD200D63004 /* XCTestSuite+QuickTestSuiteBuilder.m in Sources */ = {isa = PBXBuildFile; fileRef = CE57CEDC1C430BD200D63004 /* XCTestSuite+QuickTestSuiteBuilder.m */; };
		DA02C91919A8073100093156 /* ExampleMetadata.swift in Sources */ = {isa = PBXBuildFile; fileRef = DA02C91819A8073100093156 /* ExampleMetadata.swift */; };
		DA05D61019F73A3800771050 /* AfterEachTests.swift in Sources */ = {isa = PBXBuildFile; fileRef = DA05D60F19F73A3800771050 /* AfterEachTests.swift */; };
		DA07722E1A4E5B7B0098839D /* QCKSpecRunner.m in Sources */ = {isa = PBXBuildFile; fileRef = DA8F919619F31680006F6675 /* QCKSpecRunner.m */; };
		DA169E4819FF5DF100619816 /* QCKConfiguration.swift in Sources */ = {isa = PBXBuildFile; fileRef = DA169E4719FF5DF100619816 /* QCKConfiguration.swift */; };
		DA3124E619FCAEE8002858A7 /* DSL.swift in Sources */ = {isa = PBXBuildFile; fileRef = DA3124E219FCAEE8002858A7 /* DSL.swift */; };
		DA3124E819FCAEE8002858A7 /* QCKDSL.h in Headers */ = {isa = PBXBuildFile; fileRef = DA3124E319FCAEE8002858A7 /* QCKDSL.h */; settings = {ATTRIBUTES = (Public, ); }; };
		DA3124EA19FCAEE8002858A7 /* QCKDSL.m in Sources */ = {isa = PBXBuildFile; fileRef = DA3124E419FCAEE8002858A7 /* QCKDSL.m */; };
		DA3124EC19FCAEE8002858A7 /* World+DSL.swift in Sources */ = {isa = PBXBuildFile; fileRef = DA3124E519FCAEE8002858A7 /* World+DSL.swift */; };
		DA3E1686243F8C23001F7CCA /* AroundEachTests.swift in Sources */ = {isa = PBXBuildFile; fileRef = DA3E1685243F8C23001F7CCA /* AroundEachTests.swift */; };
		DA3E7A341A1E66C600CCE408 /* Nimble.framework in Frameworks */ = {isa = PBXBuildFile; fileRef = F8100E901A1E4447007595ED /* Nimble.framework */; };
		DA408BE219FF5599005DF92A /* Closures.swift in Sources */ = {isa = PBXBuildFile; fileRef = DA408BDF19FF5599005DF92A /* Closures.swift */; };
		DA408BE419FF5599005DF92A /* ExampleHooks.swift in Sources */ = {isa = PBXBuildFile; fileRef = DA408BE019FF5599005DF92A /* ExampleHooks.swift */; };
		DA408BE619FF5599005DF92A /* SuiteHooks.swift in Sources */ = {isa = PBXBuildFile; fileRef = DA408BE119FF5599005DF92A /* SuiteHooks.swift */; };
		DA5663EE1A4C8D8500193C88 /* Quick.framework in Frameworks */ = {isa = PBXBuildFile; fileRef = DAEB6B8E1943873100289F44 /* Quick.framework */; };
		DA5663F41A4C8D9A00193C88 /* FocusedTests.swift in Sources */ = {isa = PBXBuildFile; fileRef = DA9876BF1A4C87200004AA17 /* FocusedTests.swift */; };
		DA5CBB491EAFA61A00297C9E /* CurrentSpecTests.swift in Sources */ = {isa = PBXBuildFile; fileRef = DA5CBB471EAFA55800297C9E /* CurrentSpecTests.swift */; };
		DA6B30181A4DB0D500FFB148 /* Filter.swift in Sources */ = {isa = PBXBuildFile; fileRef = DA6B30171A4DB0D500FFB148 /* Filter.swift */; };
		DA7AE6F119FC493F000AFDCE /* ItTests.swift in Sources */ = {isa = PBXBuildFile; fileRef = DA7AE6F019FC493F000AFDCE /* ItTests.swift */; };
		DA8940F01B35B1FA00161061 /* FailureUsingXCTAssertTests+ObjC.m in Sources */ = {isa = PBXBuildFile; fileRef = DA8940EF1B35B1FA00161061 /* FailureUsingXCTAssertTests+ObjC.m */; };
		DA8C00211A01E4B900CE58A6 /* QuickConfigurationTests.m in Sources */ = {isa = PBXBuildFile; fileRef = DA8C00201A01E4B900CE58A6 /* QuickConfigurationTests.m */; };
		DA8F919919F31680006F6675 /* QCKSpecRunner.m in Sources */ = {isa = PBXBuildFile; fileRef = DA8F919619F31680006F6675 /* QCKSpecRunner.m */; };
		DA8F919D19F31921006F6675 /* FailureTests+ObjC.m in Sources */ = {isa = PBXBuildFile; fileRef = DA8F919C19F31921006F6675 /* FailureTests+ObjC.m */; };
		DA8F91A519F3208B006F6675 /* BeforeSuiteTests.swift in Sources */ = {isa = PBXBuildFile; fileRef = DA8F91A419F3208B006F6675 /* BeforeSuiteTests.swift */; };
		DA8F91AB19F3299E006F6675 /* SharedExamplesTests.swift in Sources */ = {isa = PBXBuildFile; fileRef = DA8F91AA19F3299E006F6675 /* SharedExamplesTests.swift */; };
		DA8F91AE19F32CE2006F6675 /* FunctionalTests_SharedExamplesTests_SharedExamples.swift in Sources */ = {isa = PBXBuildFile; fileRef = DA8F91AD19F32CE2006F6675 /* FunctionalTests_SharedExamplesTests_SharedExamples.swift */; };
		DAA63EA319F7637300CD0A3B /* PendingTests.swift in Sources */ = {isa = PBXBuildFile; fileRef = DAA63EA219F7637300CD0A3B /* PendingTests.swift */; };
		DAB0136F19FC4315006AFBEE /* SharedExamples+BeforeEachTests.swift in Sources */ = {isa = PBXBuildFile; fileRef = DAB0136E19FC4315006AFBEE /* SharedExamples+BeforeEachTests.swift */; };
		DAB067E919F7801C00F970AC /* BeforeEachTests.swift in Sources */ = {isa = PBXBuildFile; fileRef = DA87078219F48775008C04AC /* BeforeEachTests.swift */; };
		DAE714F019FF65D3005905B8 /* Configuration+BeforeEachTests.swift in Sources */ = {isa = PBXBuildFile; fileRef = DAE714EF19FF65D3005905B8 /* Configuration+BeforeEachTests.swift */; };
		DAE714F319FF65E7005905B8 /* Configuration+BeforeEach.swift in Sources */ = {isa = PBXBuildFile; fileRef = DAE714F219FF65E7005905B8 /* Configuration+BeforeEach.swift */; };
		DAE714F719FF6812005905B8 /* Configuration+AfterEach.swift in Sources */ = {isa = PBXBuildFile; fileRef = DAE714F619FF6812005905B8 /* Configuration+AfterEach.swift */; };
		DAE714FA19FF682A005905B8 /* Configuration+AfterEachTests.swift in Sources */ = {isa = PBXBuildFile; fileRef = DAE714F919FF682A005905B8 /* Configuration+AfterEachTests.swift */; };
		DAE714FE19FF6A62005905B8 /* QuickConfiguration.h in Headers */ = {isa = PBXBuildFile; fileRef = DAE714FC19FF6A62005905B8 /* QuickConfiguration.h */; settings = {ATTRIBUTES = (Public, ); }; };
		DAE7150019FF6A62005905B8 /* QuickConfiguration.m in Sources */ = {isa = PBXBuildFile; fileRef = DAE714FD19FF6A62005905B8 /* QuickConfiguration.m */; };
		DAEB6B941943873100289F44 /* Quick.h in Headers */ = {isa = PBXBuildFile; fileRef = DAEB6B931943873100289F44 /* Quick.h */; settings = {ATTRIBUTES = (Public, ); }; };
		DAEB6B9A1943873100289F44 /* Quick.framework in Frameworks */ = {isa = PBXBuildFile; fileRef = DAEB6B8E1943873100289F44 /* Quick.framework */; };
		DAF28BC31A4DB8EC00A5D9BF /* FocusedTests+ObjC.m in Sources */ = {isa = PBXBuildFile; fileRef = DAF28BC21A4DB8EC00A5D9BF /* FocusedTests+ObjC.m */; };
		DED3036B1DF6C66B0041394E /* String+C99ExtendedIdentifier.swift in Sources */ = {isa = PBXBuildFile; fileRef = DED3036A1DF6C66B0041394E /* String+C99ExtendedIdentifier.swift */; };
		DED3037D1DF6CF140041394E /* BundleModuleNameTests.swift in Sources */ = {isa = PBXBuildFile; fileRef = DED3037C1DF6CF140041394E /* BundleModuleNameTests.swift */; };
		EBAF959328DB9308005C9AE4 /* StopTest.swift in Sources */ = {isa = PBXBuildFile; fileRef = EBAF959228DB9308005C9AE4 /* StopTest.swift */; };
/* End PBXBuildFile section */

/* Begin PBXContainerItemProxy section */
		64076CE71D6D7C2000E2B499 /* PBXContainerItemProxy */ = {
			isa = PBXContainerItemProxy;
			containerPortal = DAEB6B851943873100289F44 /* Project object */;
			proxyType = 1;
			remoteGlobalIDString = DAEB6B8D1943873100289F44;
			remoteInfo = "Quick-OSX";
		};
		CD89D14824791ED000C1F086 /* PBXContainerItemProxy */ = {
			isa = PBXContainerItemProxy;
			containerPortal = DAEB6B851943873100289F44 /* Project object */;
			proxyType = 1;
			remoteGlobalIDString = DAEB6B8D1943873100289F44;
			remoteInfo = "Quick-macOS";
		};
		CD89D14E247A673100C1F086 /* PBXContainerItemProxy */ = {
			isa = PBXContainerItemProxy;
			containerPortal = DAEB6B851943873100289F44 /* Project object */;
			proxyType = 1;
			remoteGlobalIDString = DAEB6B8D1943873100289F44;
			remoteInfo = "Quick-macOS";
		};
		DA5663EF1A4C8D8500193C88 /* PBXContainerItemProxy */ = {
			isa = PBXContainerItemProxy;
			containerPortal = DAEB6B851943873100289F44 /* Project object */;
			proxyType = 1;
			remoteGlobalIDString = DAEB6B8D1943873100289F44;
			remoteInfo = "Quick-OSX";
		};
/* End PBXContainerItemProxy section */

/* Begin PBXFileReference section */
		1E4441772988A362009AE584 /* AsyncSpec.swift */ = {isa = PBXFileReference; fileEncoding = 4; lastKnownFileType = sourcecode.swift; path = AsyncSpec.swift; sourceTree = "<group>"; };
		1E4441782988A362009AE584 /* AsyncExampleGroup.swift */ = {isa = PBXFileReference; fileEncoding = 4; lastKnownFileType = sourcecode.swift; path = AsyncExampleGroup.swift; sourceTree = "<group>"; };
		1E4441792988A362009AE584 /* AsyncWorld.swift */ = {isa = PBXFileReference; fileEncoding = 4; lastKnownFileType = sourcecode.swift; path = AsyncWorld.swift; sourceTree = "<group>"; };
		1E44417A2988A362009AE584 /* AsyncBehavior.swift */ = {isa = PBXFileReference; fileEncoding = 4; lastKnownFileType = sourcecode.swift; path = AsyncBehavior.swift; sourceTree = "<group>"; };
		1E44417F2988A36D009AE584 /* AsyncDSL.swift */ = {isa = PBXFileReference; fileEncoding = 4; lastKnownFileType = sourcecode.swift; path = AsyncDSL.swift; sourceTree = "<group>"; };
		1E4441802988A36D009AE584 /* AsyncWorld+DSL.swift */ = {isa = PBXFileReference; fileEncoding = 4; lastKnownFileType = sourcecode.swift; path = "AsyncWorld+DSL.swift"; sourceTree = "<group>"; };
		1E4441852988A3A4009AE584 /* AsyncExampleHooks.swift */ = {isa = PBXFileReference; fileEncoding = 4; lastKnownFileType = sourcecode.swift; path = AsyncExampleHooks.swift; sourceTree = "<group>"; };
		1E4441892988A3D4009AE584 /* ItAsyncTests.swift */ = {isa = PBXFileReference; fileEncoding = 4; lastKnownFileType = sourcecode.swift; path = ItAsyncTests.swift; sourceTree = "<group>"; };
		1E44418A2988A3D4009AE584 /* ContextAsyncTests.swift */ = {isa = PBXFileReference; fileEncoding = 4; lastKnownFileType = sourcecode.swift; path = ContextAsyncTests.swift; sourceTree = "<group>"; };
		1E44418B2988A3D4009AE584 /* AsyncBehaviorTests.swift */ = {isa = PBXFileReference; fileEncoding = 4; lastKnownFileType = sourcecode.swift; path = AsyncBehaviorTests.swift; sourceTree = "<group>"; };
		1E44418C2988A3D4009AE584 /* CrossReferencingAsyncSpecs.swift */ = {isa = PBXFileReference; fileEncoding = 4; lastKnownFileType = sourcecode.swift; path = CrossReferencingAsyncSpecs.swift; sourceTree = "<group>"; };
		1E44418D2988A3D4009AE584 /* PendingAsyncTests.swift */ = {isa = PBXFileReference; fileEncoding = 4; lastKnownFileType = sourcecode.swift; path = PendingAsyncTests.swift; sourceTree = "<group>"; };
		1E44418E2988A3D4009AE584 /* AroundEachAsyncTests.swift */ = {isa = PBXFileReference; fileEncoding = 4; lastKnownFileType = sourcecode.swift; path = AroundEachAsyncTests.swift; sourceTree = "<group>"; };
		1E4441902988A3D4009AE584 /* JustBeforeEachAsyncTests.swift */ = {isa = PBXFileReference; fileEncoding = 4; lastKnownFileType = sourcecode.swift; path = JustBeforeEachAsyncTests.swift; sourceTree = "<group>"; };
		1E4441912988A3D4009AE584 /* BeforeEachAsyncTests.swift */ = {isa = PBXFileReference; fileEncoding = 4; lastKnownFileType = sourcecode.swift; path = BeforeEachAsyncTests.swift; sourceTree = "<group>"; };
		1E4441922988A3D4009AE584 /* AfterEachAsyncTests.swift */ = {isa = PBXFileReference; fileEncoding = 4; lastKnownFileType = sourcecode.swift; path = AfterEachAsyncTests.swift; sourceTree = "<group>"; };
		1E4441942988A3D4009AE584 /* DescribeAsyncTests.swift */ = {isa = PBXFileReference; fileEncoding = 4; lastKnownFileType = sourcecode.swift; path = DescribeAsyncTests.swift; sourceTree = "<group>"; };
		1E4441A12988A3E8009AE584 /* NSObject+MethodList.swift */ = {isa = PBXFileReference; fileEncoding = 4; lastKnownFileType = sourcecode.swift; path = "NSObject+MethodList.swift"; sourceTree = "<group>"; };
		1E4441DD2988A461009AE584 /* FacusedTests+Async.swift */ = {isa = PBXFileReference; lastKnownFileType = sourcecode.swift; path = "FacusedTests+Async.swift"; sourceTree = "<group>"; };
		1E4441E22988A51A009AE584 /* FunctionalTests_AsyncBehaviorTests_AsyncBehaviors.swift */ = {isa = PBXFileReference; fileEncoding = 4; lastKnownFileType = sourcecode.swift; path = FunctionalTests_AsyncBehaviorTests_AsyncBehaviors.swift; sourceTree = "<group>"; };
		1E9FED92297A1A6900139B91 /* AsyncExample.swift */ = {isa = PBXFileReference; lastKnownFileType = sourcecode.swift; path = AsyncExample.swift; sourceTree = "<group>"; };
		1F118D341BDCA657005013A2 /* Nimble.framework */ = {isa = PBXFileReference; lastKnownFileType = wrapper.framework; name = Nimble.framework; path = "Externals/Nimble/build/Debug-appletvos/Nimble.framework"; sourceTree = "<group>"; };
		1F118D361BDCA65C005013A2 /* Nimble.framework */ = {isa = PBXFileReference; lastKnownFileType = wrapper.framework; name = Nimble.framework; path = "Externals/Nimble/build/Debug-appletvos/Nimble.framework"; sourceTree = "<group>"; };
		34ACFB7B1C34859300942064 /* XCTestCaseProvider.swift */ = {isa = PBXFileReference; fileEncoding = 4; lastKnownFileType = sourcecode.swift; name = XCTestCaseProvider.swift; path = ../../QuickTestHelpers/XCTestCaseProvider.swift; sourceTree = "<group>"; };
		34C586071C4AC5E500D4F057 /* ErrorUtility.swift */ = {isa = PBXFileReference; fileEncoding = 4; lastKnownFileType = sourcecode.swift; path = ErrorUtility.swift; sourceTree = "<group>"; };
		34F3759C19515CA700CE1B99 /* Callsite.swift */ = {isa = PBXFileReference; fileEncoding = 4; lastKnownFileType = sourcecode.swift; path = Callsite.swift; sourceTree = "<group>"; };
		34F3759F19515CA700CE1B99 /* ExampleGroup.swift */ = {isa = PBXFileReference; fileEncoding = 4; lastKnownFileType = sourcecode.swift; path = ExampleGroup.swift; sourceTree = "<group>"; };
		34F375A419515CA700CE1B99 /* QuickSpec.h */ = {isa = PBXFileReference; fileEncoding = 4; lastKnownFileType = sourcecode.c.h; path = QuickSpec.h; sourceTree = "<group>"; };
		34F375A519515CA700CE1B99 /* QuickSpec.m */ = {isa = PBXFileReference; fileEncoding = 4; lastKnownFileType = sourcecode.c.objc; path = QuickSpec.m; sourceTree = "<group>"; };
		34F375A619515CA700CE1B99 /* World.swift */ = {isa = PBXFileReference; fileEncoding = 4; lastKnownFileType = sourcecode.swift; path = World.swift; sourceTree = "<group>"; };
		470D6EC91A43409600043E50 /* AfterEachTests+ObjC.m */ = {isa = PBXFileReference; fileEncoding = 4; lastKnownFileType = sourcecode.c.objc; path = "AfterEachTests+ObjC.m"; sourceTree = "<group>"; };
		4715903F1A488F3F00FBA644 /* PendingTests+ObjC.m */ = {isa = PBXFileReference; fileEncoding = 4; lastKnownFileType = sourcecode.c.objc; path = "PendingTests+ObjC.m"; sourceTree = "<group>"; };
		4728253A1A5EECCE008DC74F /* SharedExamplesTests+ObjC.m */ = {isa = PBXFileReference; fileEncoding = 4; lastKnownFileType = sourcecode.c.objc; path = "SharedExamplesTests+ObjC.m"; sourceTree = "<group>"; };
		4748E8931A6AEBB3009EC992 /* SharedExamples+BeforeEachTests+ObjC.m */ = {isa = PBXFileReference; fileEncoding = 4; lastKnownFileType = sourcecode.c.objc; path = "SharedExamples+BeforeEachTests+ObjC.m"; sourceTree = "<group>"; };
		47876F7B1A4999B0002575C7 /* BeforeSuiteTests+ObjC.m */ = {isa = PBXFileReference; fileEncoding = 4; lastKnownFileType = sourcecode.c.objc; path = "BeforeSuiteTests+ObjC.m"; sourceTree = "<group>"; };
		479C31E11A36156E00DA8718 /* ItTests+ObjC.m */ = {isa = PBXFileReference; fileEncoding = 4; lastKnownFileType = sourcecode.c.objc; path = "ItTests+ObjC.m"; sourceTree = "<group>"; };
		47FAEA341A3F45ED005A1D2F /* BeforeEachTests+ObjC.m */ = {isa = PBXFileReference; fileEncoding = 4; lastKnownFileType = sourcecode.c.objc; path = "BeforeEachTests+ObjC.m"; sourceTree = "<group>"; };
		61572A8D28E3959D00C5A80D /* JustBeforeEachTests+Objc.m */ = {isa = PBXFileReference; lastKnownFileType = sourcecode.c.objc; path = "JustBeforeEachTests+Objc.m"; sourceTree = "<group>"; };
		61E9B99528C6FD0E00CA9AAC /* JustBeforeEachTests.swift */ = {isa = PBXFileReference; fileEncoding = 4; lastKnownFileType = sourcecode.swift; path = JustBeforeEachTests.swift; sourceTree = "<group>"; };
		64076CF51D6D7C2000E2B499 /* QuickAfterSuite - Tests.xctest */ = {isa = PBXFileReference; explicitFileType = wrapper.cfbundle; includeInIndex = 0; path = "QuickAfterSuite - Tests.xctest"; sourceTree = BUILT_PRODUCTS_DIR; };
		64076D1D1D6D7D0B00E2B499 /* AfterSuiteTests.swift */ = {isa = PBXFileReference; fileEncoding = 4; lastKnownFileType = sourcecode.swift; path = AfterSuiteTests.swift; sourceTree = "<group>"; };
		64076D241D6D80B500E2B499 /* AfterSuiteTests+ObjC.m */ = {isa = PBXFileReference; fileEncoding = 4; lastKnownFileType = sourcecode.c.objc; path = "AfterSuiteTests+ObjC.m"; sourceTree = "<group>"; };
		79FE27DE22DC955400BA013D /* QuickSpec_SelectedTests.swift */ = {isa = PBXFileReference; lastKnownFileType = sourcecode.swift; path = QuickSpec_SelectedTests.swift; sourceTree = "<group>"; };
		7B44ADBD1C5444940007AF2E /* HooksPhase.swift */ = {isa = PBXFileReference; fileEncoding = 4; lastKnownFileType = sourcecode.swift; path = HooksPhase.swift; sourceTree = "<group>"; };
		7B5358CA1C3D4E2A00A23FAA /* ContextTests.swift */ = {isa = PBXFileReference; fileEncoding = 4; lastKnownFileType = sourcecode.swift; path = ContextTests.swift; sourceTree = "<group>"; };
		8952ADDB2B4F0CB400D9305F /* PrivacyInfo.xcprivacy */ = {isa = PBXFileReference; lastKnownFileType = text.xml; path = PrivacyInfo.xcprivacy; sourceTree = "<group>"; };
		8961ABC727B3546E008DD498 /* SelectedTests+ObjC.m */ = {isa = PBXFileReference; lastKnownFileType = sourcecode.c.objc; path = "SelectedTests+ObjC.m"; sourceTree = "<group>"; };
		89A7919C28139D0900D99622 /* Package.swift */ = {isa = PBXFileReference; lastKnownFileType = sourcecode.swift; path = Package.swift; sourceTree = "<group>"; };
		89A7919D28139D0900D99622 /* Quick.podspec */ = {isa = PBXFileReference; lastKnownFileType = text; path = Quick.podspec; sourceTree = "<group>"; };
		89BFE9BE2A5270C400EC1C47 /* OrderingTests.swift */ = {isa = PBXFileReference; lastKnownFileType = sourcecode.swift; path = OrderingTests.swift; sourceTree = "<group>"; };
		89BFE9C22A52711000EC1C47 /* AsyncOrderingTests.swift */ = {isa = PBXFileReference; lastKnownFileType = sourcecode.swift; path = AsyncOrderingTests.swift; sourceTree = "<group>"; };
		89D2C670284D9E18004B108C /* SubclassDetectionSpec.swift */ = {isa = PBXFileReference; lastKnownFileType = sourcecode.swift; path = SubclassDetectionSpec.swift; sourceTree = "<group>"; };
		89D2C674284DA77D004B108C /* SubclassDetection.swift */ = {isa = PBXFileReference; lastKnownFileType = sourcecode.swift; path = SubclassDetection.swift; sourceTree = "<group>"; };
		89E3F80A29F5A94400EA7370 /* AsyncSpec+testMethodSelectors.m */ = {isa = PBXFileReference; lastKnownFileType = sourcecode.c.objc; path = "AsyncSpec+testMethodSelectors.m"; sourceTree = "<group>"; };
		89E3F81129F76EC100EA7370 /* TestSelectorNameProvider.swift */ = {isa = PBXFileReference; lastKnownFileType = sourcecode.swift; path = TestSelectorNameProvider.swift; sourceTree = "<group>"; };
		89E3F81529F7738B00EA7370 /* TestSelectorNameProviderTests.swift */ = {isa = PBXFileReference; lastKnownFileType = sourcecode.swift; path = TestSelectorNameProviderTests.swift; sourceTree = "<group>"; };
		89E8E59A290045AE003B08F0 /* Example.swift */ = {isa = PBXFileReference; lastKnownFileType = sourcecode.swift; path = Example.swift; sourceTree = "<group>"; };
		89EEF5C52A18693300988224 /* CurrentSpec.swift */ = {isa = PBXFileReference; fileEncoding = 4; lastKnownFileType = sourcecode.swift; path = CurrentSpec.swift; sourceTree = "<group>"; };
		8D010A561C11726F00633E2B /* DescribeTests.swift */ = {isa = PBXFileReference; fileEncoding = 4; lastKnownFileType = sourcecode.swift; path = DescribeTests.swift; sourceTree = "<group>"; };
		AED9C8621CC8A7BD00432F62 /* CrossReferencingSpecs.swift */ = {isa = PBXFileReference; fileEncoding = 4; lastKnownFileType = sourcecode.swift; path = CrossReferencingSpecs.swift; sourceTree = "<group>"; };
		B5D59B3A2A57621C006D04D6 /* TestState.swift */ = {isa = PBXFileReference; fileEncoding = 4; lastKnownFileType = sourcecode.swift; path = TestState.swift; sourceTree = "<group>"; };
		B5D59B3E2A576233006D04D6 /* TestStateSpec.swift */ = {isa = PBXFileReference; fileEncoding = 4; lastKnownFileType = sourcecode.swift; path = TestStateSpec.swift; sourceTree = "<group>"; };
		CD1F6502226398F600EBE9D8 /* XCTestObservationCenter+QCKSuspendObservation.swift */ = {isa = PBXFileReference; lastKnownFileType = sourcecode.swift; path = "XCTestObservationCenter+QCKSuspendObservation.swift"; sourceTree = "<group>"; };
		CD21A025247C1385002C4762 /* QuickTestObservation.swift */ = {isa = PBXFileReference; lastKnownFileType = sourcecode.swift; path = QuickTestObservation.swift; sourceTree = "<group>"; };
		CD261AC81DEC8B0000A8863C /* QuickConfiguration.swift */ = {isa = PBXFileReference; fileEncoding = 4; lastKnownFileType = sourcecode.swift; path = QuickConfiguration.swift; sourceTree = "<group>"; };
		CD3451461E4703D4000C8633 /* QuickMain.swift */ = {isa = PBXFileReference; fileEncoding = 4; lastKnownFileType = sourcecode.swift; path = QuickMain.swift; sourceTree = "<group>"; };
		CD3451471E4703D4000C8633 /* QuickSpec.swift */ = {isa = PBXFileReference; fileEncoding = 4; lastKnownFileType = sourcecode.swift; path = QuickSpec.swift; sourceTree = "<group>"; };
		CD582D722264C137008F7CE6 /* QuickSpecRunner.swift */ = {isa = PBXFileReference; lastKnownFileType = sourcecode.swift; path = QuickSpecRunner.swift; sourceTree = "<group>"; };
		CD665CE0225A5BB9008F0AE6 /* LinuxMain.swift */ = {isa = PBXFileReference; fileEncoding = 4; lastKnownFileType = sourcecode.swift; name = LinuxMain.swift; path = Tests/LinuxMain.swift; sourceTree = SOURCE_ROOT; };
		CD89D17B247A673100C1F086 /* QuickIssue853RegressionTests.xctest */ = {isa = PBXFileReference; explicitFileType = wrapper.cfbundle; includeInIndex = 0; path = QuickIssue853RegressionTests.xctest; sourceTree = BUILT_PRODUCTS_DIR; };
		CD89D17E247A68A000C1F086 /* SubclassOfSubclassWithStructPropertyTests.swift */ = {isa = PBXFileReference; fileEncoding = 4; lastKnownFileType = sourcecode.swift; path = SubclassOfSubclassWithStructPropertyTests.swift; sourceTree = "<group>"; };
		CE175D4D1E8D6B4900EB5E84 /* Behavior.swift */ = {isa = PBXFileReference; fileEncoding = 4; lastKnownFileType = sourcecode.swift; path = Behavior.swift; sourceTree = "<group>"; };
		CE4A57891EA5DC270063C0D4 /* BehaviorTests.swift */ = {isa = PBXFileReference; fileEncoding = 4; lastKnownFileType = sourcecode.swift; path = BehaviorTests.swift; sourceTree = "<group>"; };
		CE4A578D1EA7251C0063C0D4 /* FunctionalTests_BehaviorTests_Behaviors.swift */ = {isa = PBXFileReference; fileEncoding = 4; lastKnownFileType = sourcecode.swift; path = FunctionalTests_BehaviorTests_Behaviors.swift; sourceTree = "<group>"; };
		CE57CED81C430BD200D63004 /* NSBundle+CurrentTestBundle.swift */ = {isa = PBXFileReference; fileEncoding = 4; lastKnownFileType = sourcecode.swift; path = "NSBundle+CurrentTestBundle.swift"; sourceTree = "<group>"; };
		CE57CED91C430BD200D63004 /* QuickSelectedTestSuiteBuilder.swift */ = {isa = PBXFileReference; fileEncoding = 4; lastKnownFileType = sourcecode.swift; path = QuickSelectedTestSuiteBuilder.swift; sourceTree = "<group>"; };
		CE57CEDA1C430BD200D63004 /* QuickTestSuite.swift */ = {isa = PBXFileReference; fileEncoding = 4; lastKnownFileType = sourcecode.swift; path = QuickTestSuite.swift; sourceTree = "<group>"; };
		CE57CEDB1C430BD200D63004 /* URL+FileName.swift */ = {isa = PBXFileReference; fileEncoding = 4; lastKnownFileType = sourcecode.swift; path = "URL+FileName.swift"; sourceTree = "<group>"; };
		CE57CEDC1C430BD200D63004 /* XCTestSuite+QuickTestSuiteBuilder.m */ = {isa = PBXFileReference; fileEncoding = 4; lastKnownFileType = sourcecode.c.objc; path = "XCTestSuite+QuickTestSuiteBuilder.m"; sourceTree = "<group>"; };
		DA02C91819A8073100093156 /* ExampleMetadata.swift */ = {isa = PBXFileReference; fileEncoding = 4; lastKnownFileType = sourcecode.swift; path = ExampleMetadata.swift; sourceTree = "<group>"; };
		DA05D60F19F73A3800771050 /* AfterEachTests.swift */ = {isa = PBXFileReference; fileEncoding = 4; lastKnownFileType = sourcecode.swift; path = AfterEachTests.swift; sourceTree = "<group>"; };
		DA169E4719FF5DF100619816 /* QCKConfiguration.swift */ = {isa = PBXFileReference; fileEncoding = 4; lastKnownFileType = sourcecode.swift; path = QCKConfiguration.swift; sourceTree = "<group>"; };
		DA3124E219FCAEE8002858A7 /* DSL.swift */ = {isa = PBXFileReference; fileEncoding = 4; lastKnownFileType = sourcecode.swift; path = DSL.swift; sourceTree = "<group>"; };
		DA3124E319FCAEE8002858A7 /* QCKDSL.h */ = {isa = PBXFileReference; fileEncoding = 4; lastKnownFileType = sourcecode.c.h; path = QCKDSL.h; sourceTree = "<group>"; };
		DA3124E419FCAEE8002858A7 /* QCKDSL.m */ = {isa = PBXFileReference; fileEncoding = 4; lastKnownFileType = sourcecode.c.objc; path = QCKDSL.m; sourceTree = "<group>"; };
		DA3124E519FCAEE8002858A7 /* World+DSL.swift */ = {isa = PBXFileReference; fileEncoding = 4; lastKnownFileType = sourcecode.swift; path = "World+DSL.swift"; sourceTree = "<group>"; };
		DA3E1685243F8C23001F7CCA /* AroundEachTests.swift */ = {isa = PBXFileReference; fileEncoding = 4; lastKnownFileType = sourcecode.swift; path = AroundEachTests.swift; sourceTree = "<group>"; };
		DA408BDF19FF5599005DF92A /* Closures.swift */ = {isa = PBXFileReference; fileEncoding = 4; lastKnownFileType = sourcecode.swift; path = Closures.swift; sourceTree = "<group>"; };
		DA408BE019FF5599005DF92A /* ExampleHooks.swift */ = {isa = PBXFileReference; fileEncoding = 4; lastKnownFileType = sourcecode.swift; path = ExampleHooks.swift; sourceTree = "<group>"; };
		DA408BE119FF5599005DF92A /* SuiteHooks.swift */ = {isa = PBXFileReference; fileEncoding = 4; lastKnownFileType = sourcecode.swift; path = SuiteHooks.swift; sourceTree = "<group>"; };
		DA5663E81A4C8D8500193C88 /* QuickFocused - Tests.xctest */ = {isa = PBXFileReference; explicitFileType = wrapper.cfbundle; includeInIndex = 0; path = "QuickFocused - Tests.xctest"; sourceTree = BUILT_PRODUCTS_DIR; };
		DA5CBB471EAFA55800297C9E /* CurrentSpecTests.swift */ = {isa = PBXFileReference; fileEncoding = 4; lastKnownFileType = sourcecode.swift; path = CurrentSpecTests.swift; sourceTree = "<group>"; };
		DA6B30171A4DB0D500FFB148 /* Filter.swift */ = {isa = PBXFileReference; fileEncoding = 4; lastKnownFileType = sourcecode.swift; path = Filter.swift; sourceTree = "<group>"; };
		DA7AE6F019FC493F000AFDCE /* ItTests.swift */ = {isa = PBXFileReference; fileEncoding = 4; lastKnownFileType = sourcecode.swift; path = ItTests.swift; sourceTree = "<group>"; };
		DA87078219F48775008C04AC /* BeforeEachTests.swift */ = {isa = PBXFileReference; fileEncoding = 4; lastKnownFileType = sourcecode.swift; path = BeforeEachTests.swift; sourceTree = "<group>"; };
		DA8940EF1B35B1FA00161061 /* FailureUsingXCTAssertTests+ObjC.m */ = {isa = PBXFileReference; fileEncoding = 4; lastKnownFileType = sourcecode.c.objc; path = "FailureUsingXCTAssertTests+ObjC.m"; sourceTree = "<group>"; };
		DA8C00201A01E4B900CE58A6 /* QuickConfigurationTests.m */ = {isa = PBXFileReference; fileEncoding = 4; lastKnownFileType = sourcecode.c.objc; path = QuickConfigurationTests.m; sourceTree = "<group>"; };
		DA8F919519F31680006F6675 /* QCKSpecRunner.h */ = {isa = PBXFileReference; fileEncoding = 4; lastKnownFileType = sourcecode.c.h; path = QCKSpecRunner.h; sourceTree = "<group>"; };
		DA8F919619F31680006F6675 /* QCKSpecRunner.m */ = {isa = PBXFileReference; fileEncoding = 4; lastKnownFileType = sourcecode.c.objc; path = QCKSpecRunner.m; sourceTree = "<group>"; };
		DA8F919719F31680006F6675 /* QuickTestsBridgingHeader.h */ = {isa = PBXFileReference; fileEncoding = 4; lastKnownFileType = sourcecode.c.h; path = QuickTestsBridgingHeader.h; sourceTree = "<group>"; };
		DA8F919C19F31921006F6675 /* FailureTests+ObjC.m */ = {isa = PBXFileReference; fileEncoding = 4; lastKnownFileType = sourcecode.c.objc; path = "FailureTests+ObjC.m"; sourceTree = "<group>"; };
		DA8F91A419F3208B006F6675 /* BeforeSuiteTests.swift */ = {isa = PBXFileReference; fileEncoding = 4; lastKnownFileType = sourcecode.swift; path = BeforeSuiteTests.swift; sourceTree = "<group>"; };
		DA8F91AA19F3299E006F6675 /* SharedExamplesTests.swift */ = {isa = PBXFileReference; fileEncoding = 4; lastKnownFileType = sourcecode.swift; path = SharedExamplesTests.swift; sourceTree = "<group>"; };
		DA8F91AD19F32CE2006F6675 /* FunctionalTests_SharedExamplesTests_SharedExamples.swift */ = {isa = PBXFileReference; fileEncoding = 4; lastKnownFileType = sourcecode.swift; path = FunctionalTests_SharedExamplesTests_SharedExamples.swift; sourceTree = "<group>"; };
		DA9876BF1A4C87200004AA17 /* FocusedTests.swift */ = {isa = PBXFileReference; fileEncoding = 4; lastKnownFileType = sourcecode.swift; path = FocusedTests.swift; sourceTree = "<group>"; };
		DA9876C01A4C87200004AA17 /* Info.plist */ = {isa = PBXFileReference; fileEncoding = 4; lastKnownFileType = text.plist.xml; path = Info.plist; sourceTree = "<group>"; };
		DAA63EA219F7637300CD0A3B /* PendingTests.swift */ = {isa = PBXFileReference; fileEncoding = 4; lastKnownFileType = sourcecode.swift; path = PendingTests.swift; sourceTree = "<group>"; };
		DAB0136E19FC4315006AFBEE /* SharedExamples+BeforeEachTests.swift */ = {isa = PBXFileReference; fileEncoding = 4; lastKnownFileType = sourcecode.swift; path = "SharedExamples+BeforeEachTests.swift"; sourceTree = "<group>"; };
		DAE714EF19FF65D3005905B8 /* Configuration+BeforeEachTests.swift */ = {isa = PBXFileReference; fileEncoding = 4; lastKnownFileType = sourcecode.swift; path = "Configuration+BeforeEachTests.swift"; sourceTree = "<group>"; };
		DAE714F219FF65E7005905B8 /* Configuration+BeforeEach.swift */ = {isa = PBXFileReference; fileEncoding = 4; lastKnownFileType = sourcecode.swift; path = "Configuration+BeforeEach.swift"; sourceTree = "<group>"; };
		DAE714F619FF6812005905B8 /* Configuration+AfterEach.swift */ = {isa = PBXFileReference; fileEncoding = 4; lastKnownFileType = sourcecode.swift; path = "Configuration+AfterEach.swift"; sourceTree = "<group>"; };
		DAE714F919FF682A005905B8 /* Configuration+AfterEachTests.swift */ = {isa = PBXFileReference; fileEncoding = 4; lastKnownFileType = sourcecode.swift; path = "Configuration+AfterEachTests.swift"; sourceTree = "<group>"; };
		DAE714FC19FF6A62005905B8 /* QuickConfiguration.h */ = {isa = PBXFileReference; fileEncoding = 4; lastKnownFileType = sourcecode.c.h; path = QuickConfiguration.h; sourceTree = "<group>"; };
		DAE714FD19FF6A62005905B8 /* QuickConfiguration.m */ = {isa = PBXFileReference; fileEncoding = 4; lastKnownFileType = sourcecode.c.objc; path = QuickConfiguration.m; sourceTree = "<group>"; };
		DAEB6B8E1943873100289F44 /* Quick.framework */ = {isa = PBXFileReference; explicitFileType = wrapper.framework; includeInIndex = 0; path = Quick.framework; sourceTree = BUILT_PRODUCTS_DIR; };
		DAEB6B921943873100289F44 /* Info.plist */ = {isa = PBXFileReference; lastKnownFileType = text.plist.xml; path = Info.plist; sourceTree = "<group>"; };
		DAEB6B931943873100289F44 /* Quick.h */ = {isa = PBXFileReference; lastKnownFileType = sourcecode.c.h; path = Quick.h; sourceTree = "<group>"; };
		DAEB6B991943873100289F44 /* Quick - Tests.xctest */ = {isa = PBXFileReference; explicitFileType = wrapper.cfbundle; includeInIndex = 0; path = "Quick - Tests.xctest"; sourceTree = BUILT_PRODUCTS_DIR; };
		DAEB6B9F1943873100289F44 /* Info.plist */ = {isa = PBXFileReference; lastKnownFileType = text.plist.xml; path = Info.plist; sourceTree = "<group>"; };
		DAF28BC21A4DB8EC00A5D9BF /* FocusedTests+ObjC.m */ = {isa = PBXFileReference; fileEncoding = 4; lastKnownFileType = sourcecode.c.objc; path = "FocusedTests+ObjC.m"; sourceTree = "<group>"; };
		DED3036A1DF6C66B0041394E /* String+C99ExtendedIdentifier.swift */ = {isa = PBXFileReference; fileEncoding = 4; lastKnownFileType = sourcecode.swift; path = "String+C99ExtendedIdentifier.swift"; sourceTree = "<group>"; };
		DED3037C1DF6CF140041394E /* BundleModuleNameTests.swift */ = {isa = PBXFileReference; fileEncoding = 4; lastKnownFileType = sourcecode.swift; path = BundleModuleNameTests.swift; sourceTree = "<group>"; };
		EBAF959228DB9308005C9AE4 /* StopTest.swift */ = {isa = PBXFileReference; fileEncoding = 4; lastKnownFileType = sourcecode.swift; path = StopTest.swift; sourceTree = "<group>"; };
		F8100E901A1E4447007595ED /* Nimble.framework */ = {isa = PBXFileReference; lastKnownFileType = wrapper.framework; path = Nimble.framework; sourceTree = BUILT_PRODUCTS_DIR; };
/* End PBXFileReference section */

/* Begin PBXFrameworksBuildPhase section */
		64076CEE1D6D7C2000E2B499 /* Frameworks */ = {
			isa = PBXFrameworksBuildPhase;
			buildActionMask = 2147483647;
			files = (
				64076CEF1D6D7C2000E2B499 /* Quick.framework in Frameworks */,
				64076CF01D6D7C2000E2B499 /* Nimble.framework in Frameworks */,
			);
			runOnlyForDeploymentPostprocessing = 0;
		};
		CD89D174247A673100C1F086 /* Frameworks */ = {
			isa = PBXFrameworksBuildPhase;
			buildActionMask = 2147483647;
			files = (
				CD89D175247A673100C1F086 /* Nimble.framework in Frameworks */,
				CD89D176247A673100C1F086 /* Quick.framework in Frameworks */,
			);
			runOnlyForDeploymentPostprocessing = 0;
		};
		DA5663E51A4C8D8500193C88 /* Frameworks */ = {
			isa = PBXFrameworksBuildPhase;
			buildActionMask = 2147483647;
			files = (
				DA5663EE1A4C8D8500193C88 /* Quick.framework in Frameworks */,
				1FD0CFAD1AFA0B8C00874CC1 /* Nimble.framework in Frameworks */,
			);
			runOnlyForDeploymentPostprocessing = 0;
		};
		DAEB6B8A1943873100289F44 /* Frameworks */ = {
			isa = PBXFrameworksBuildPhase;
			buildActionMask = 2147483647;
			files = (
			);
			runOnlyForDeploymentPostprocessing = 0;
		};
		DAEB6B961943873100289F44 /* Frameworks */ = {
			isa = PBXFrameworksBuildPhase;
			buildActionMask = 2147483647;
			files = (
				DA3E7A341A1E66C600CCE408 /* Nimble.framework in Frameworks */,
				DAEB6B9A1943873100289F44 /* Quick.framework in Frameworks */,
			);
			runOnlyForDeploymentPostprocessing = 0;
		};
/* End PBXFrameworksBuildPhase section */

/* Begin PBXGroup section */
		1E4441762988A352009AE584 /* Async */ = {
			isa = PBXGroup;
			children = (
				1E44417A2988A362009AE584 /* AsyncBehavior.swift */,
				1E4441782988A362009AE584 /* AsyncExampleGroup.swift */,
				1E4441772988A362009AE584 /* AsyncSpec.swift */,
				1E4441792988A362009AE584 /* AsyncWorld.swift */,
			);
			path = Async;
			sourceTree = "<group>";
		};
		1E4441882988A3BC009AE584 /* Async */ = {
			isa = PBXGroup;
			children = (
				89BFE9C22A52711000EC1C47 /* AsyncOrderingTests.swift */,
				1E4441922988A3D4009AE584 /* AfterEachAsyncTests.swift */,
				1E44418E2988A3D4009AE584 /* AroundEachAsyncTests.swift */,
				1E44418B2988A3D4009AE584 /* AsyncBehaviorTests.swift */,
				1E4441912988A3D4009AE584 /* BeforeEachAsyncTests.swift */,
				1E44418A2988A3D4009AE584 /* ContextAsyncTests.swift */,
				1E44418C2988A3D4009AE584 /* CrossReferencingAsyncSpecs.swift */,
				1E4441942988A3D4009AE584 /* DescribeAsyncTests.swift */,
				1E4441892988A3D4009AE584 /* ItAsyncTests.swift */,
				1E4441902988A3D4009AE584 /* JustBeforeEachAsyncTests.swift */,
				1E44418D2988A3D4009AE584 /* PendingAsyncTests.swift */,
			);
			path = Async;
			sourceTree = "<group>";
		};
		1F118D331BDCA645005013A2 /* Frameworks */ = {
			isa = PBXGroup;
			children = (
				1F118D361BDCA65C005013A2 /* Nimble.framework */,
				1F118D341BDCA657005013A2 /* Nimble.framework */,
			);
			name = Frameworks;
			sourceTree = "<group>";
		};
		64076D1C1D6D7D0B00E2B499 /* QuickAfterSuiteTests */ = {
			isa = PBXGroup;
			children = (
				64076D1D1D6D7D0B00E2B499 /* AfterSuiteTests.swift */,
				64076D241D6D80B500E2B499 /* AfterSuiteTests+ObjC.m */,
			);
			name = QuickAfterSuiteTests;
			path = Tests/QuickTests/QuickAfterSuiteTests;
			sourceTree = "<group>";
		};
		6C3983EE1D1E930D00637469 /* QuickObjectiveC */ = {
			isa = PBXGroup;
			children = (
				6C3983EF1D1E93B700637469 /* Configuration */,
				6C3983F01D1E93CE00637469 /* DSL */,
				DAEB6B931943873100289F44 /* Quick.h */,
				34F375A419515CA700CE1B99 /* QuickSpec.h */,
				34F375A519515CA700CE1B99 /* QuickSpec.m */,
				CE57CEDC1C430BD200D63004 /* XCTestSuite+QuickTestSuiteBuilder.m */,
				89E3F80A29F5A94400EA7370 /* AsyncSpec+testMethodSelectors.m */,
			);
			name = QuickObjectiveC;
			path = Sources/QuickObjectiveC;
			sourceTree = "<group>";
		};
		6C3983EF1D1E93B700637469 /* Configuration */ = {
			isa = PBXGroup;
			children = (
				DAE714FC19FF6A62005905B8 /* QuickConfiguration.h */,
				DAE714FD19FF6A62005905B8 /* QuickConfiguration.m */,
			);
			path = Configuration;
			sourceTree = "<group>";
		};
		6C3983F01D1E93CE00637469 /* DSL */ = {
			isa = PBXGroup;
			children = (
				DA3124E319FCAEE8002858A7 /* QCKDSL.h */,
				DA3124E419FCAEE8002858A7 /* QCKDSL.m */,
			);
			path = DSL;
			sourceTree = "<group>";
		};
		89E8E595290044B2003B08F0 /* Examples */ = {
			isa = PBXGroup;
			children = (
				1E9FED92297A1A6900139B91 /* AsyncExample.swift */,
				DA02C91819A8073100093156 /* ExampleMetadata.swift */,
				89E8E59A290045AE003B08F0 /* Example.swift */,
			);
			path = Examples;
			sourceTree = "<group>";
		};
		CD89D17D247A67BA00C1F086 /* QuickIssue853RegressionTests */ = {
			isa = PBXGroup;
			children = (
				CD89D17E247A68A000C1F086 /* SubclassOfSubclassWithStructPropertyTests.swift */,
			);
			name = QuickIssue853RegressionTests;
			path = Tests/QuickIssue853RegressionTests;
			sourceTree = "<group>";
		};
		CDB2AA5E1D6C84CF005600C3 /* ObjC */ = {
			isa = PBXGroup;
			children = (
				470D6EC91A43409600043E50 /* AfterEachTests+ObjC.m */,
				47FAEA341A3F45ED005A1D2F /* BeforeEachTests+ObjC.m */,
				47876F7B1A4999B0002575C7 /* BeforeSuiteTests+ObjC.m */,
				DA8F919C19F31921006F6675 /* FailureTests+ObjC.m */,
				DA8940EF1B35B1FA00161061 /* FailureUsingXCTAssertTests+ObjC.m */,
				479C31E11A36156E00DA8718 /* ItTests+ObjC.m */,
				61572A8D28E3959D00C5A80D /* JustBeforeEachTests+Objc.m */,
				8961ABC727B3546E008DD498 /* SelectedTests+ObjC.m */,
				4715903F1A488F3F00FBA644 /* PendingTests+ObjC.m */,
				4748E8931A6AEBB3009EC992 /* SharedExamples+BeforeEachTests+ObjC.m */,
				4728253A1A5EECCE008DC74F /* SharedExamplesTests+ObjC.m */,
			);
			path = ObjC;
			sourceTree = "<group>";
		};
		DA169E4619FF5DF100619816 /* Configuration */ = {
			isa = PBXGroup;
			children = (
				DA169E4719FF5DF100619816 /* QCKConfiguration.swift */,
				CD261AC81DEC8B0000A8863C /* QuickConfiguration.swift */,
			);
			path = Configuration;
			sourceTree = "<group>";
		};
		DA3124E119FCAEE8002858A7 /* DSL */ = {
			isa = PBXGroup;
			children = (
				1E44417F2988A36D009AE584 /* AsyncDSL.swift */,
				1E4441802988A36D009AE584 /* AsyncWorld+DSL.swift */,
				DA3124E519FCAEE8002858A7 /* World+DSL.swift */,
				DA3124E219FCAEE8002858A7 /* DSL.swift */,
			);
			path = DSL;
			sourceTree = "<group>";
		};
		DA408BDE19FF5599005DF92A /* Hooks */ = {
			isa = PBXGroup;
			children = (
				1E4441852988A3A4009AE584 /* AsyncExampleHooks.swift */,
				DA408BDF19FF5599005DF92A /* Closures.swift */,
				DA408BE019FF5599005DF92A /* ExampleHooks.swift */,
				DA408BE119FF5599005DF92A /* SuiteHooks.swift */,
				7B44ADBD1C5444940007AF2E /* HooksPhase.swift */,
			);
			path = Hooks;
			sourceTree = "<group>";
		};
		DA8F919419F31680006F6675 /* Helpers */ = {
			isa = PBXGroup;
			children = (
				1E4441A12988A3E8009AE584 /* NSObject+MethodList.swift */,
				DA8F919719F31680006F6675 /* QuickTestsBridgingHeader.h */,
				DA8F919519F31680006F6675 /* QCKSpecRunner.h */,
				DA8F919619F31680006F6675 /* QCKSpecRunner.m */,
				CD582D722264C137008F7CE6 /* QuickSpecRunner.swift */,
				34ACFB7B1C34859300942064 /* XCTestCaseProvider.swift */,
				CD1F6502226398F600EBE9D8 /* XCTestObservationCenter+QCKSuspendObservation.swift */,
			);
			path = Helpers;
			sourceTree = "<group>";
		};
		DA8F919B19F3189D006F6675 /* FunctionalTests */ = {
			isa = PBXGroup;
			children = (
				1E4441882988A3BC009AE584 /* Async */,
				DA05D60F19F73A3800771050 /* AfterEachTests.swift */,
				DA3E1685243F8C23001F7CCA /* AroundEachTests.swift */,
				DA87078219F48775008C04AC /* BeforeEachTests.swift */,
				DA8F91A419F3208B006F6675 /* BeforeSuiteTests.swift */,
				CE4A57891EA5DC270063C0D4 /* BehaviorTests.swift */,
				DED3037C1DF6CF140041394E /* BundleModuleNameTests.swift */,
				DAE714E919FF65A6005905B8 /* Configuration */,
				7B5358CA1C3D4E2A00A23FAA /* ContextTests.swift */,
				AED9C8621CC8A7BD00432F62 /* CrossReferencingSpecs.swift */,
				DA5CBB471EAFA55800297C9E /* CurrentSpecTests.swift */,
				8D010A561C11726F00633E2B /* DescribeTests.swift */,
				DA7AE6F019FC493F000AFDCE /* ItTests.swift */,
				61E9B99528C6FD0E00CA9AAC /* JustBeforeEachTests.swift */,
				CDB2AA5E1D6C84CF005600C3 /* ObjC */,
				DAA63EA219F7637300CD0A3B /* PendingTests.swift */,
				79FE27DE22DC955400BA013D /* QuickSpec_SelectedTests.swift */,
				DAB0136E19FC4315006AFBEE /* SharedExamples+BeforeEachTests.swift */,
				DA8F91AA19F3299E006F6675 /* SharedExamplesTests.swift */,
				89D2C670284D9E18004B108C /* SubclassDetectionSpec.swift */,
				89E3F81529F7738B00EA7370 /* TestSelectorNameProviderTests.swift */,
				89BFE9BE2A5270C400EC1C47 /* OrderingTests.swift */,
				B5D59B3E2A576233006D04D6 /* TestStateSpec.swift */,
			);
			path = FunctionalTests;
			sourceTree = "<group>";
		};
		DA9876BE1A4C87200004AA17 /* QuickFocusedTests */ = {
			isa = PBXGroup;
			children = (
				DA9876BF1A4C87200004AA17 /* FocusedTests.swift */,
				1E4441DD2988A461009AE584 /* FacusedTests+Async.swift */,
				DAF28BC21A4DB8EC00A5D9BF /* FocusedTests+ObjC.m */,
				DA9876C31A4C87310004AA17 /* Supporting Files */,
			);
			name = QuickFocusedTests;
			path = Tests/QuickTests/QuickFocusedTests;
			sourceTree = "<group>";
		};
		DA9876C31A4C87310004AA17 /* Supporting Files */ = {
			isa = PBXGroup;
			children = (
				DA9876C01A4C87200004AA17 /* Info.plist */,
			);
			name = "Supporting Files";
			sourceTree = "<group>";
		};
		DAE714E919FF65A6005905B8 /* Configuration */ = {
			isa = PBXGroup;
			children = (
				DAE714F519FF67FF005905B8 /* AfterEach */,
				DAE714EA19FF65A6005905B8 /* BeforeEach */,
			);
			path = Configuration;
			sourceTree = "<group>";
		};
		DAE714EA19FF65A6005905B8 /* BeforeEach */ = {
			isa = PBXGroup;
			children = (
				DAE714F219FF65E7005905B8 /* Configuration+BeforeEach.swift */,
				DAE714EF19FF65D3005905B8 /* Configuration+BeforeEachTests.swift */,
			);
			path = BeforeEach;
			sourceTree = "<group>";
		};
		DAE714F519FF67FF005905B8 /* AfterEach */ = {
			isa = PBXGroup;
			children = (
				DAE714F619FF6812005905B8 /* Configuration+AfterEach.swift */,
				DAE714F919FF682A005905B8 /* Configuration+AfterEachTests.swift */,
			);
			path = AfterEach;
			sourceTree = "<group>";
		};
		DAEB6B841943873100289F44 = {
			isa = PBXGroup;
			children = (
				89A7919C28139D0900D99622 /* Package.swift */,
				89A7919D28139D0900D99622 /* Quick.podspec */,
				DAEB6B901943873100289F44 /* Quick */,
				6C3983EE1D1E930D00637469 /* QuickObjectiveC */,
				DAEB6B9D1943873100289F44 /* QuickTests */,
				CD89D17D247A67BA00C1F086 /* QuickIssue853RegressionTests */,
				DA9876BE1A4C87200004AA17 /* QuickFocusedTests */,
				64076D1C1D6D7D0B00E2B499 /* QuickAfterSuiteTests */,
				DAEB6B8F1943873100289F44 /* Products */,
				1F118D331BDCA645005013A2 /* Frameworks */,
			);
			indentWidth = 4;
			sourceTree = "<group>";
			tabWidth = 4;
		};
		DAEB6B8F1943873100289F44 /* Products */ = {
			isa = PBXGroup;
			children = (
				DAEB6B8E1943873100289F44 /* Quick.framework */,
				DAEB6B991943873100289F44 /* Quick - Tests.xctest */,
				DA5663E81A4C8D8500193C88 /* QuickFocused - Tests.xctest */,
				64076CF51D6D7C2000E2B499 /* QuickAfterSuite - Tests.xctest */,
				CD89D17B247A673100C1F086 /* QuickIssue853RegressionTests.xctest */,
			);
			name = Products;
			sourceTree = "<group>";
		};
		DAEB6B901943873100289F44 /* Quick */ = {
			isa = PBXGroup;
			children = (
				1E4441762988A352009AE584 /* Async */,
				DA169E4619FF5DF100619816 /* Configuration */,
				DA3124E119FCAEE8002858A7 /* DSL */,
				89E8E595290044B2003B08F0 /* Examples */,
				DA408BDE19FF5599005DF92A /* Hooks */,
				CD3451461E4703D4000C8633 /* QuickMain.swift */,
				CD3451471E4703D4000C8633 /* QuickSpec.swift */,
				34F3759F19515CA700CE1B99 /* ExampleGroup.swift */,
				CD21A025247C1385002C4762 /* QuickTestObservation.swift */,
				89D2C674284DA77D004B108C /* SubclassDetection.swift */,
				34F375A619515CA700CE1B99 /* World.swift */,
				34F3759C19515CA700CE1B99 /* Callsite.swift */,
				89EEF5C52A18693300988224 /* CurrentSpec.swift */,
				DA6B30171A4DB0D500FFB148 /* Filter.swift */,
				EBAF959228DB9308005C9AE4 /* StopTest.swift */,
				CE57CEDA1C430BD200D63004 /* QuickTestSuite.swift */,
				CE57CED91C430BD200D63004 /* QuickSelectedTestSuiteBuilder.swift */,
				CE57CED81C430BD200D63004 /* NSBundle+CurrentTestBundle.swift */,
				DED3036A1DF6C66B0041394E /* String+C99ExtendedIdentifier.swift */,
				89E3F81129F76EC100EA7370 /* TestSelectorNameProvider.swift */,
				CE57CEDB1C430BD200D63004 /* URL+FileName.swift */,
				34C586071C4AC5E500D4F057 /* ErrorUtility.swift */,
				DAEB6B911943873100289F44 /* Supporting Files */,
				CE175D4D1E8D6B4900EB5E84 /* Behavior.swift */,
				B5D59B3A2A57621C006D04D6 /* TestState.swift */,
			);
			name = Quick;
			path = Sources/Quick;
			sourceTree = "<group>";
		};
		DAEB6B911943873100289F44 /* Supporting Files */ = {
			isa = PBXGroup;
			children = (
				DAEB6B921943873100289F44 /* Info.plist */,
				8952ADDB2B4F0CB400D9305F /* PrivacyInfo.xcprivacy */,
			);
			name = "Supporting Files";
			sourceTree = "<group>";
		};
		DAEB6B9D1943873100289F44 /* QuickTests */ = {
			isa = PBXGroup;
			children = (
				CD665CE0225A5BB9008F0AE6 /* LinuxMain.swift */,
				DA8C00201A01E4B900CE58A6 /* QuickConfigurationTests.m */,
				DA8F919419F31680006F6675 /* Helpers */,
				DAEB6BCD194387D700289F44 /* Fixtures */,
				DA8F919B19F3189D006F6675 /* FunctionalTests */,
				F8100E941A1E4469007595ED /* Frameworks */,
				DAEB6B9E1943873100289F44 /* Supporting Files */,
			);
			name = QuickTests;
			path = Tests/QuickTests/QuickTests;
			sourceTree = "<group>";
		};
		DAEB6B9E1943873100289F44 /* Supporting Files */ = {
			isa = PBXGroup;
			children = (
				DAEB6B9F1943873100289F44 /* Info.plist */,
			);
			name = "Supporting Files";
			sourceTree = "<group>";
		};
		DAEB6BCD194387D700289F44 /* Fixtures */ = {
			isa = PBXGroup;
			children = (
				1E4441E22988A51A009AE584 /* FunctionalTests_AsyncBehaviorTests_AsyncBehaviors.swift */,
				DA8F91AD19F32CE2006F6675 /* FunctionalTests_SharedExamplesTests_SharedExamples.swift */,
				CE4A578D1EA7251C0063C0D4 /* FunctionalTests_BehaviorTests_Behaviors.swift */,
			);
			path = Fixtures;
			sourceTree = "<group>";
		};
		F8100E941A1E4469007595ED /* Frameworks */ = {
			isa = PBXGroup;
			children = (
				F8100E901A1E4447007595ED /* Nimble.framework */,
			);
			name = Frameworks;
			sourceTree = "<group>";
		};
/* End PBXGroup section */

/* Begin PBXHeadersBuildPhase section */
		DAEB6B8B1943873100289F44 /* Headers */ = {
			isa = PBXHeadersBuildPhase;
			buildActionMask = 2147483647;
			files = (
				DAE714FE19FF6A62005905B8 /* QuickConfiguration.h in Headers */,
				DA3124E819FCAEE8002858A7 /* QCKDSL.h in Headers */,
				34F375B719515CA700CE1B99 /* QuickSpec.h in Headers */,
				DAEB6B941943873100289F44 /* Quick.h in Headers */,
			);
			runOnlyForDeploymentPostprocessing = 0;
		};
/* End PBXHeadersBuildPhase section */

/* Begin PBXNativeTarget section */
		64076CE51D6D7C2000E2B499 /* QuickAfterSuite - Tests */ = {
			isa = PBXNativeTarget;
			buildConfigurationList = 64076CF21D6D7C2000E2B499 /* Build configuration list for PBXNativeTarget "QuickAfterSuite - Tests" */;
			buildPhases = (
				64076CE81D6D7C2000E2B499 /* Sources */,
				64076CEE1D6D7C2000E2B499 /* Frameworks */,
				64076CF11D6D7C2000E2B499 /* Resources */,
			);
			buildRules = (
			);
			dependencies = (
				64076CE61D6D7C2000E2B499 /* PBXTargetDependency */,
			);
			name = "QuickAfterSuite - Tests";
			productName = "QuickFocused-macOSTests";
			productReference = 64076CF51D6D7C2000E2B499 /* QuickAfterSuite - Tests.xctest */;
			productType = "com.apple.product-type.bundle.unit-test";
		};
		CD89D14C247A673100C1F086 /* QuickIssue853RegressionTests */ = {
			isa = PBXNativeTarget;
			buildConfigurationList = CD89D178247A673100C1F086 /* Build configuration list for PBXNativeTarget "QuickIssue853RegressionTests" */;
			buildPhases = (
				CD89D14F247A673100C1F086 /* Sources */,
				CD89D174247A673100C1F086 /* Frameworks */,
				CD89D177247A673100C1F086 /* Resources */,
			);
			buildRules = (
			);
			dependencies = (
				CD89D14D247A673100C1F086 /* PBXTargetDependency */,
			);
			name = QuickIssue853RegressionTests;
			productName = QuickTests;
			productReference = CD89D17B247A673100C1F086 /* QuickIssue853RegressionTests.xctest */;
			productType = "com.apple.product-type.bundle.unit-test";
		};
		DA5663E71A4C8D8500193C88 /* QuickFocused - Tests */ = {
			isa = PBXNativeTarget;
			buildConfigurationList = DA5663F31A4C8D8500193C88 /* Build configuration list for PBXNativeTarget "QuickFocused - Tests" */;
			buildPhases = (
				DA5663E41A4C8D8500193C88 /* Sources */,
				DA5663E51A4C8D8500193C88 /* Frameworks */,
				DA5663E61A4C8D8500193C88 /* Resources */,
			);
			buildRules = (
			);
			dependencies = (
				DA5663F01A4C8D8500193C88 /* PBXTargetDependency */,
			);
			name = "QuickFocused - Tests";
			productName = "QuickFocused-macOSTests";
			productReference = DA5663E81A4C8D8500193C88 /* QuickFocused - Tests.xctest */;
			productType = "com.apple.product-type.bundle.unit-test";
		};
		DAEB6B8D1943873100289F44 /* Quick */ = {
			isa = PBXNativeTarget;
			buildConfigurationList = DAEB6BA41943873200289F44 /* Build configuration list for PBXNativeTarget "Quick" */;
			buildPhases = (
				DAEB6B8B1943873100289F44 /* Headers */,
				DAEB6B891943873100289F44 /* Sources */,
				DAEB6B8A1943873100289F44 /* Frameworks */,
				DAEB6B8C1943873100289F44 /* Resources */,
			);
			buildRules = (
			);
			dependencies = (
			);
			name = Quick;
			productName = Quick;
			productReference = DAEB6B8E1943873100289F44 /* Quick.framework */;
			productType = "com.apple.product-type.framework";
		};
		DAEB6B981943873100289F44 /* Quick - Tests */ = {
			isa = PBXNativeTarget;
			buildConfigurationList = DAEB6BA71943873200289F44 /* Build configuration list for PBXNativeTarget "Quick - Tests" */;
			buildPhases = (
				DAEB6B951943873100289F44 /* Sources */,
				DAEB6B961943873100289F44 /* Frameworks */,
				DAEB6B971943873100289F44 /* Resources */,
			);
			buildRules = (
			);
			dependencies = (
				CD89D14924791ED000C1F086 /* PBXTargetDependency */,
			);
			name = "Quick - Tests";
			productName = QuickTests;
			productReference = DAEB6B991943873100289F44 /* Quick - Tests.xctest */;
			productType = "com.apple.product-type.bundle.unit-test";
		};
/* End PBXNativeTarget section */

/* Begin PBXProject section */
		DAEB6B851943873100289F44 /* Project object */ = {
			isa = PBXProject;
			attributes = {
				LastSwiftUpdateCheck = 0810;
				LastUpgradeCheck = 1250;
				ORGANIZATIONNAME = "Brian Ivan Gesiak";
				TargetAttributes = {
					732D8D691E516780008558BD = {
						CreatedOnToolsVersion = 8.2.1;
						ProvisioningStyle = Automatic;
					};
					DA5663E71A4C8D8500193C88 = {
						CreatedOnToolsVersion = 6.2;
						LastSwiftMigration = 0800;
					};
					DAEB6B8D1943873100289F44 = {
						CreatedOnToolsVersion = 6.0;
						LastSwiftMigration = 0800;
					};
					DAEB6B981943873100289F44 = {
						CreatedOnToolsVersion = 6.0;
						LastSwiftMigration = 0800;
						TestTargetID = DAEB6B8D1943873100289F44;
					};
				};
			};
			buildConfigurationList = DAEB6B881943873100289F44 /* Build configuration list for PBXProject "Quick" */;
			compatibilityVersion = "Xcode 11.4";
			developmentRegion = en;
			hasScannedForEncodings = 0;
			knownRegions = (
				en,
				Base,
			);
			mainGroup = DAEB6B841943873100289F44;
			productRefGroup = DAEB6B8F1943873100289F44 /* Products */;
			projectDirPath = "";
			projectRoot = "";
			targets = (
				DAEB6B8D1943873100289F44 /* Quick */,
				DAEB6B981943873100289F44 /* Quick - Tests */,
				CD89D14C247A673100C1F086 /* QuickIssue853RegressionTests */,
				DA5663E71A4C8D8500193C88 /* QuickFocused - Tests */,
				64076CE51D6D7C2000E2B499 /* QuickAfterSuite - Tests */,
				732D8D691E516780008558BD /* SwiftLint */,
			);
		};
/* End PBXProject section */

/* Begin PBXResourcesBuildPhase section */
		64076CF11D6D7C2000E2B499 /* Resources */ = {
			isa = PBXResourcesBuildPhase;
			buildActionMask = 2147483647;
			files = (
			);
			runOnlyForDeploymentPostprocessing = 0;
		};
		CD89D177247A673100C1F086 /* Resources */ = {
			isa = PBXResourcesBuildPhase;
			buildActionMask = 2147483647;
			files = (
			);
			runOnlyForDeploymentPostprocessing = 0;
		};
		DA5663E61A4C8D8500193C88 /* Resources */ = {
			isa = PBXResourcesBuildPhase;
			buildActionMask = 2147483647;
			files = (
			);
			runOnlyForDeploymentPostprocessing = 0;
		};
		DAEB6B8C1943873100289F44 /* Resources */ = {
			isa = PBXResourcesBuildPhase;
			buildActionMask = 2147483647;
			files = (
			);
			runOnlyForDeploymentPostprocessing = 0;
		};
		DAEB6B971943873100289F44 /* Resources */ = {
			isa = PBXResourcesBuildPhase;
			buildActionMask = 2147483647;
			files = (
			);
			runOnlyForDeploymentPostprocessing = 0;
		};
/* End PBXResourcesBuildPhase section */

/* Begin PBXShellScriptBuildPhase section */
		732D8D6D1E516789008558BD /* ShellScript */ = {
			isa = PBXShellScriptBuildPhase;
			buildActionMask = 2147483647;
			files = (
			);
			inputPaths = (
			);
			outputPaths = (
			);
			runOnlyForDeploymentPostprocessing = 0;
			shellPath = /bin/sh;
			shellScript = "if which swiftlint >/dev/null; then\n    swiftlint\nelse\n    echo \"warning: SwiftLint not installed, download from https://github.com/realm/SwiftLint\"\nfi\n";
		};
/* End PBXShellScriptBuildPhase section */

/* Begin PBXSourcesBuildPhase section */
		64076CE81D6D7C2000E2B499 /* Sources */ = {
			isa = PBXSourcesBuildPhase;
			buildActionMask = 2147483647;
			files = (
				64076D211D6D7E4D00E2B499 /* AfterSuiteTests.swift in Sources */,
				CD264DBD1DDA147A0038B0EB /* AfterSuiteTests+ObjC.m in Sources */,
			);
			runOnlyForDeploymentPostprocessing = 0;
		};
		CD89D14F247A673100C1F086 /* Sources */ = {
			isa = PBXSourcesBuildPhase;
			buildActionMask = 2147483647;
			files = (
				CD89D17F247A68A100C1F086 /* SubclassOfSubclassWithStructPropertyTests.swift in Sources */,
			);
			runOnlyForDeploymentPostprocessing = 0;
		};
		DA5663E41A4C8D8500193C88 /* Sources */ = {
			isa = PBXSourcesBuildPhase;
			buildActionMask = 2147483647;
			files = (
				CD582D742264C137008F7CE6 /* QuickSpecRunner.swift in Sources */,
				CD1F6504226398F600EBE9D8 /* XCTestObservationCenter+QCKSuspendObservation.swift in Sources */,
				1E4441DF2988A46C009AE584 /* FacusedTests+Async.swift in Sources */,
				DA07722E1A4E5B7B0098839D /* QCKSpecRunner.m in Sources */,
				34C586021C4ABD3F00D4F057 /* XCTestCaseProvider.swift in Sources */,
				1E4441CA2988A40D009AE584 /* NSObject+MethodList.swift in Sources */,
				DA5663F41A4C8D9A00193C88 /* FocusedTests.swift in Sources */,
				DAF28BC31A4DB8EC00A5D9BF /* FocusedTests+ObjC.m in Sources */,
			);
			runOnlyForDeploymentPostprocessing = 0;
		};
		DAEB6B891943873100289F44 /* Sources */ = {
			isa = PBXSourcesBuildPhase;
			buildActionMask = 2147483647;
			files = (
				CE57CEDE1C430BD200D63004 /* QuickSelectedTestSuiteBuilder.swift in Sources */,
				DA3124EA19FCAEE8002858A7 /* QCKDSL.m in Sources */,
				DA408BE219FF5599005DF92A /* Closures.swift in Sources */,
				EBAF959328DB9308005C9AE4 /* StopTest.swift in Sources */,
				CE57CEDD1C430BD200D63004 /* NSBundle+CurrentTestBundle.swift in Sources */,
				DA02C91919A8073100093156 /* ExampleMetadata.swift in Sources */,
				89EEF5C62A18693300988224 /* CurrentSpec.swift in Sources */,
				CE57CEDF1C430BD200D63004 /* QuickTestSuite.swift in Sources */,
				34C586081C4AC5E500D4F057 /* ErrorUtility.swift in Sources */,
				1E44417D2988A362009AE584 /* AsyncWorld.swift in Sources */,
				DED3036B1DF6C66B0041394E /* String+C99ExtendedIdentifier.swift in Sources */,
				89E3F81229F76EC100EA7370 /* TestSelectorNameProvider.swift in Sources */,
				89D2C675284DA77D004B108C /* SubclassDetection.swift in Sources */,
				DA408BE619FF5599005DF92A /* SuiteHooks.swift in Sources */,
				34F375B919515CA700CE1B99 /* QuickSpec.m in Sources */,
				CE57CEE11C430BD200D63004 /* XCTestSuite+QuickTestSuiteBuilder.m in Sources */,
				1E44417E2988A362009AE584 /* AsyncBehavior.swift in Sources */,
				DAE7150019FF6A62005905B8 /* QuickConfiguration.m in Sources */,
				34F375A719515CA700CE1B99 /* Callsite.swift in Sources */,
				B5D59B3B2A57621C006D04D6 /* TestState.swift in Sources */,
				CE57CEE01C430BD200D63004 /* URL+FileName.swift in Sources */,
				1E9FED93297A1A6900139B91 /* AsyncExample.swift in Sources */,
				34F375AD19515CA700CE1B99 /* ExampleGroup.swift in Sources */,
				1E44417B2988A362009AE584 /* AsyncSpec.swift in Sources */,
				34F375BB19515CA700CE1B99 /* World.swift in Sources */,
				1E4441812988A36D009AE584 /* AsyncDSL.swift in Sources */,
				DA169E4819FF5DF100619816 /* QCKConfiguration.swift in Sources */,
				7B44ADBE1C5444940007AF2E /* HooksPhase.swift in Sources */,
				1E44417C2988A362009AE584 /* AsyncExampleGroup.swift in Sources */,
				DA3124EC19FCAEE8002858A7 /* World+DSL.swift in Sources */,
				1E4441822988A36D009AE584 /* AsyncWorld+DSL.swift in Sources */,
				DA408BE419FF5599005DF92A /* ExampleHooks.swift in Sources */,
				89E3F80E29F5AA8A00EA7370 /* AsyncSpec+testMethodSelectors.m in Sources */,
				1E4441862988A3A4009AE584 /* AsyncExampleHooks.swift in Sources */,
				CE175D4E1E8D6B4900EB5E84 /* Behavior.swift in Sources */,
				DA3124E619FCAEE8002858A7 /* DSL.swift in Sources */,
				CD21A026247C1385002C4762 /* QuickTestObservation.swift in Sources */,
				CDE5BDFD2268CE95006E2F66 /* QuickConfiguration.swift in Sources */,
				DA6B30181A4DB0D500FFB148 /* Filter.swift in Sources */,
				89E8E59B290045AE003B08F0 /* Example.swift in Sources */,
			);
			runOnlyForDeploymentPostprocessing = 0;
		};
		DAEB6B951943873100289F44 /* Sources */ = {
			isa = PBXSourcesBuildPhase;
			buildActionMask = 2147483647;
			files = (
				DAE714F719FF6812005905B8 /* Configuration+AfterEach.swift in Sources */,
				DAB067E919F7801C00F970AC /* BeforeEachTests.swift in Sources */,
				79FE27DF22DC955400BA013D /* QuickSpec_SelectedTests.swift in Sources */,
				DA8F919919F31680006F6675 /* QCKSpecRunner.m in Sources */,
				DA8940F01B35B1FA00161061 /* FailureUsingXCTAssertTests+ObjC.m in Sources */,
				4728253B1A5EECCE008DC74F /* SharedExamplesTests+ObjC.m in Sources */,
				B5D59B422A57692E006D04D6 /* TestStateSpec.swift in Sources */,
				CE4A57941EA725440063C0D4 /* BehaviorTests.swift in Sources */,
				DAE714F019FF65D3005905B8 /* Configuration+BeforeEachTests.swift in Sources */,
				CE4A57921EA725300063C0D4 /* FunctionalTests_BehaviorTests_Behaviors.swift in Sources */,
				1E4441AC2988A3FA009AE584 /* JustBeforeEachAsyncTests.swift in Sources */,
				DED3037D1DF6CF140041394E /* BundleModuleNameTests.swift in Sources */,
				DA05D61019F73A3800771050 /* AfterEachTests.swift in Sources */,
				1E4441AD2988A3FA009AE584 /* PendingAsyncTests.swift in Sources */,
				CD1F6503226398F600EBE9D8 /* XCTestObservationCenter+QCKSuspendObservation.swift in Sources */,
				89BFE9C32A52713C00EC1C47 /* AsyncOrderingTests.swift in Sources */,
				DAB0136F19FC4315006AFBEE /* SharedExamples+BeforeEachTests.swift in Sources */,
				1E4441AB2988A3FA009AE584 /* AroundEachAsyncTests.swift in Sources */,
				1E4441A92988A3FA009AE584 /* DescribeAsyncTests.swift in Sources */,
				1E4441AE2988A3FA009AE584 /* CrossReferencingAsyncSpecs.swift in Sources */,
				DA8F91A519F3208B006F6675 /* BeforeSuiteTests.swift in Sources */,
				DA8C00211A01E4B900CE58A6 /* QuickConfigurationTests.m in Sources */,
				DAA63EA319F7637300CD0A3B /* PendingTests.swift in Sources */,
				DA8F91AB19F3299E006F6675 /* SharedExamplesTests.swift in Sources */,
				DA7AE6F119FC493F000AFDCE /* ItTests.swift in Sources */,
				4748E8941A6AEBB3009EC992 /* SharedExamples+BeforeEachTests+ObjC.m in Sources */,
				DA8F91AE19F32CE2006F6675 /* FunctionalTests_SharedExamplesTests_SharedExamples.swift in Sources */,
				DAE714FA19FF682A005905B8 /* Configuration+AfterEachTests.swift in Sources */,
				89E3F81B29F773E400EA7370 /* TestSelectorNameProviderTests.swift in Sources */,
				AED9C8631CC8A7BD00432F62 /* CrossReferencingSpecs.swift in Sources */,
				471590401A488F3F00FBA644 /* PendingTests+ObjC.m in Sources */,
				DA8F919D19F31921006F6675 /* FailureTests+ObjC.m in Sources */,
				8961ABC827B3546E008DD498 /* SelectedTests+ObjC.m in Sources */,
				1E4441AA2988A3FA009AE584 /* ItAsyncTests.swift in Sources */,
				DAE714F319FF65E7005905B8 /* Configuration+BeforeEach.swift in Sources */,
				89D2C671284D9E18004B108C /* SubclassDetectionSpec.swift in Sources */,
				61572A8E28E3959D00C5A80D /* JustBeforeEachTests+Objc.m in Sources */,
				479C31E31A36171B00DA8718 /* ItTests+ObjC.m in Sources */,
				1E4441A52988A3FA009AE584 /* ContextAsyncTests.swift in Sources */,
				CD582D732264C137008F7CE6 /* QuickSpecRunner.swift in Sources */,
				34C586011C4ABD3F00D4F057 /* XCTestCaseProvider.swift in Sources */,
				8D010A571C11726F00633E2B /* DescribeTests.swift in Sources */,
				DA3E1686243F8C23001F7CCA /* AroundEachTests.swift in Sources */,
				47FAEA361A3F49E6005A1D2F /* BeforeEachTests+ObjC.m in Sources */,
				470D6ECB1A43442400043E50 /* AfterEachTests+ObjC.m in Sources */,
				1E4441A72988A3FA009AE584 /* AsyncBehaviorTests.swift in Sources */,
				89BFE9BF2A5270C400EC1C47 /* OrderingTests.swift in Sources */,
				1E4441A82988A3FA009AE584 /* BeforeEachAsyncTests.swift in Sources */,
				47876F7D1A49AD63002575C7 /* BeforeSuiteTests+ObjC.m in Sources */,
				DA5CBB491EAFA61A00297C9E /* CurrentSpecTests.swift in Sources */,
				7B5358CE1C3D4FBC00A23FAA /* ContextTests.swift in Sources */,
				1E4441E32988A51A009AE584 /* FunctionalTests_AsyncBehaviorTests_AsyncBehaviors.swift in Sources */,
				1E4441C72988A403009AE584 /* NSObject+MethodList.swift in Sources */,
				1E4441A32988A3FA009AE584 /* AfterEachAsyncTests.swift in Sources */,
				61E9B99628C6FD0E00CA9AAC /* JustBeforeEachTests.swift in Sources */,
			);
			runOnlyForDeploymentPostprocessing = 0;
		};
/* End PBXSourcesBuildPhase section */

/* Begin PBXTargetDependency section */
		64076CE61D6D7C2000E2B499 /* PBXTargetDependency */ = {
			isa = PBXTargetDependency;
			target = DAEB6B8D1943873100289F44 /* Quick */;
			targetProxy = 64076CE71D6D7C2000E2B499 /* PBXContainerItemProxy */;
		};
		CD89D14924791ED000C1F086 /* PBXTargetDependency */ = {
			isa = PBXTargetDependency;
			target = DAEB6B8D1943873100289F44 /* Quick */;
			targetProxy = CD89D14824791ED000C1F086 /* PBXContainerItemProxy */;
		};
		CD89D14D247A673100C1F086 /* PBXTargetDependency */ = {
			isa = PBXTargetDependency;
			target = DAEB6B8D1943873100289F44 /* Quick */;
			targetProxy = CD89D14E247A673100C1F086 /* PBXContainerItemProxy */;
		};
		DA5663F01A4C8D8500193C88 /* PBXTargetDependency */ = {
			isa = PBXTargetDependency;
			target = DAEB6B8D1943873100289F44 /* Quick */;
			targetProxy = DA5663EF1A4C8D8500193C88 /* PBXContainerItemProxy */;
		};
/* End PBXTargetDependency section */

/* Begin XCBuildConfiguration section */
		64076CF31D6D7C2000E2B499 /* Debug */ = {
			isa = XCBuildConfiguration;
			buildSettings = {
				CLANG_ENABLE_MODULES = YES;
				COMBINE_HIDPI_IMAGES = YES;
				GCC_PREPROCESSOR_DEFINITIONS = (
					"DEBUG=1",
					"$(inherited)",
				);
				INFOPLIST_FILE = Tests/QuickTests/QuickAfterSuiteTests/Info.plist;
				LD_RUNPATH_SEARCH_PATHS = (
					"$(inherited)",
					"@executable_path/../Frameworks",
					"@loader_path/../Frameworks",
				);
				MTL_ENABLE_DEBUG_INFO = YES;
				PRODUCT_BUNDLE_IDENTIFIER = "io.quick.$(PRODUCT_NAME:rfc1034identifier)";
				PRODUCT_NAME = "$(TARGET_NAME)";
				SUPPORTED_PLATFORMS = "appletvos appletvsimulator iphoneos iphonesimulator macosx xros xrsimulator";
				SUPPORTS_MACCATALYST = YES;
				SUPPORTS_MAC_DESIGNED_FOR_IPHONE_IPAD = YES;
				SWIFT_OBJC_BRIDGING_HEADER = Tests/QuickTests/QuickTests/Helpers/QuickTestsBridgingHeader.h;
				SWIFT_OBJC_INTERFACE_HEADER_NAME = "QuickAfterSuiteTests-Swift.h";
				SWIFT_OPTIMIZATION_LEVEL = "-Onone";
				TARGETED_DEVICE_FAMILY = "1,2,3,7";
			};
			name = Debug;
		};
		64076CF41D6D7C2000E2B499 /* Release */ = {
			isa = XCBuildConfiguration;
			buildSettings = {
				CLANG_ENABLE_MODULES = YES;
				COMBINE_HIDPI_IMAGES = YES;
				INFOPLIST_FILE = Tests/QuickTests/QuickAfterSuiteTests/Info.plist;
				LD_RUNPATH_SEARCH_PATHS = (
					"$(inherited)",
					"@executable_path/../Frameworks",
					"@loader_path/../Frameworks",
				);
				MTL_ENABLE_DEBUG_INFO = NO;
				PRODUCT_BUNDLE_IDENTIFIER = "io.quick.$(PRODUCT_NAME:rfc1034identifier)";
				PRODUCT_NAME = "$(TARGET_NAME)";
				SUPPORTED_PLATFORMS = "appletvos appletvsimulator iphoneos iphonesimulator macosx xros xrsimulator";
				SUPPORTS_MACCATALYST = YES;
				SUPPORTS_MAC_DESIGNED_FOR_IPHONE_IPAD = YES;
				SWIFT_COMPILATION_MODE = wholemodule;
				SWIFT_OBJC_BRIDGING_HEADER = Tests/QuickTests/QuickTests/Helpers/QuickTestsBridgingHeader.h;
				SWIFT_OBJC_INTERFACE_HEADER_NAME = "QuickAfterSuiteTests-Swift.h";
				SWIFT_OPTIMIZATION_LEVEL = "-O";
				TARGETED_DEVICE_FAMILY = "1,2,3,7";
			};
			name = Release;
		};
		732D8D6B1E516780008558BD /* Debug */ = {
			isa = XCBuildConfiguration;
			buildSettings = {
				PRODUCT_NAME = "$(TARGET_NAME)";
			};
			name = Debug;
		};
		732D8D6C1E516780008558BD /* Release */ = {
			isa = XCBuildConfiguration;
			buildSettings = {
				PRODUCT_NAME = "$(TARGET_NAME)";
			};
			name = Release;
		};
		CD89D179247A673100C1F086 /* Debug */ = {
			isa = XCBuildConfiguration;
			buildSettings = {
				CLANG_ENABLE_MODULES = YES;
				COMBINE_HIDPI_IMAGES = YES;
				GCC_PREPROCESSOR_DEFINITIONS = (
					"DEBUG=1",
					"$(inherited)",
				);
				INFOPLIST_FILE = Tests/QuickTests/QuickTests/Info.plist;
				LD_RUNPATH_SEARCH_PATHS = (
					"$(inherited)",
					"@executable_path/../Frameworks",
					"@loader_path/../Frameworks",
				);
				METAL_ENABLE_DEBUG_INFO = YES;
				PRODUCT_BUNDLE_IDENTIFIER = "io.quick.${PRODUCT_NAME:rfc1034identifier}";
				PRODUCT_NAME = "$(TARGET_NAME)";
				SUPPORTED_PLATFORMS = "appletvos appletvsimulator iphoneos iphonesimulator macosx xros xrsimulator";
				SUPPORTS_MACCATALYST = YES;
				SUPPORTS_MAC_DESIGNED_FOR_IPHONE_IPAD = YES;
				SWIFT_OBJC_BRIDGING_HEADER = Tests/QuickTests/QuickTests/Helpers/QuickTestsBridgingHeader.h;
				SWIFT_OBJC_INTERFACE_HEADER_NAME = "QuickTests-Swift.h";
				SWIFT_OPTIMIZATION_LEVEL = "-Onone";
				TARGETED_DEVICE_FAMILY = "1,2,3,7";
			};
			name = Debug;
		};
		CD89D17A247A673100C1F086 /* Release */ = {
			isa = XCBuildConfiguration;
			buildSettings = {
				CLANG_ENABLE_MODULES = YES;
				COMBINE_HIDPI_IMAGES = YES;
				INFOPLIST_FILE = Tests/QuickTests/QuickTests/Info.plist;
				LD_RUNPATH_SEARCH_PATHS = (
					"$(inherited)",
					"@executable_path/../Frameworks",
					"@loader_path/../Frameworks",
				);
				METAL_ENABLE_DEBUG_INFO = NO;
				PRODUCT_BUNDLE_IDENTIFIER = "io.quick.${PRODUCT_NAME:rfc1034identifier}";
				PRODUCT_NAME = "$(TARGET_NAME)";
				SUPPORTED_PLATFORMS = "appletvos appletvsimulator iphoneos iphonesimulator macosx xros xrsimulator";
				SUPPORTS_MACCATALYST = YES;
				SUPPORTS_MAC_DESIGNED_FOR_IPHONE_IPAD = YES;
				SWIFT_COMPILATION_MODE = wholemodule;
				SWIFT_OBJC_BRIDGING_HEADER = Tests/QuickTests/QuickTests/Helpers/QuickTestsBridgingHeader.h;
				SWIFT_OBJC_INTERFACE_HEADER_NAME = "QuickTests-Swift.h";
				SWIFT_OPTIMIZATION_LEVEL = "-O";
				TARGETED_DEVICE_FAMILY = "1,2,3,7";
			};
			name = Release;
		};
		DA5663F11A4C8D8500193C88 /* Debug */ = {
			isa = XCBuildConfiguration;
			buildSettings = {
				CLANG_ENABLE_MODULES = YES;
				COMBINE_HIDPI_IMAGES = YES;
				GCC_PREPROCESSOR_DEFINITIONS = (
					"DEBUG=1",
					"$(inherited)",
				);
				INFOPLIST_FILE = Tests/QuickTests/QuickFocusedTests/Info.plist;
				LD_RUNPATH_SEARCH_PATHS = (
					"$(inherited)",
					"@executable_path/../Frameworks",
					"@loader_path/../Frameworks",
				);
				MTL_ENABLE_DEBUG_INFO = YES;
				PRODUCT_BUNDLE_IDENTIFIER = "io.quick.$(PRODUCT_NAME:rfc1034identifier)";
				PRODUCT_NAME = "$(TARGET_NAME)";
				SUPPORTED_PLATFORMS = "appletvos appletvsimulator iphoneos iphonesimulator macosx xros xrsimulator";
				SUPPORTS_MACCATALYST = YES;
				SUPPORTS_MAC_DESIGNED_FOR_IPHONE_IPAD = YES;
				SWIFT_OBJC_BRIDGING_HEADER = Tests/QuickTests/QuickTests/Helpers/QuickTestsBridgingHeader.h;
				SWIFT_OBJC_INTERFACE_HEADER_NAME = "QuickFocusedTests-Swift.h";
				SWIFT_OPTIMIZATION_LEVEL = "-Onone";
				TARGETED_DEVICE_FAMILY = "1,2,3,7";
			};
			name = Debug;
		};
		DA5663F21A4C8D8500193C88 /* Release */ = {
			isa = XCBuildConfiguration;
			buildSettings = {
				CLANG_ENABLE_MODULES = YES;
				COMBINE_HIDPI_IMAGES = YES;
				INFOPLIST_FILE = Tests/QuickTests/QuickFocusedTests/Info.plist;
				LD_RUNPATH_SEARCH_PATHS = (
					"$(inherited)",
					"@executable_path/../Frameworks",
					"@loader_path/../Frameworks",
				);
				MTL_ENABLE_DEBUG_INFO = NO;
				PRODUCT_BUNDLE_IDENTIFIER = "io.quick.$(PRODUCT_NAME:rfc1034identifier)";
				PRODUCT_NAME = "$(TARGET_NAME)";
				SUPPORTED_PLATFORMS = "appletvos appletvsimulator iphoneos iphonesimulator macosx xros xrsimulator";
				SUPPORTS_MACCATALYST = YES;
				SUPPORTS_MAC_DESIGNED_FOR_IPHONE_IPAD = YES;
				SWIFT_COMPILATION_MODE = wholemodule;
				SWIFT_OBJC_BRIDGING_HEADER = Tests/QuickTests/QuickTests/Helpers/QuickTestsBridgingHeader.h;
				SWIFT_OBJC_INTERFACE_HEADER_NAME = "QuickFocusedTests-Swift.h";
				SWIFT_OPTIMIZATION_LEVEL = "-O";
				TARGETED_DEVICE_FAMILY = "1,2,3,7";
			};
			name = Release;
		};
		DAEB6BA21943873200289F44 /* Debug */ = {
			isa = XCBuildConfiguration;
			buildSettings = {
				ALWAYS_SEARCH_USER_PATHS = NO;
				CLANG_ANALYZER_LOCALIZABILITY_NONLOCALIZED = YES;
				CLANG_CXX_LANGUAGE_STANDARD = "gnu++0x";
				CLANG_CXX_LIBRARY = "libc++";
				CLANG_ENABLE_MODULES = YES;
				CLANG_ENABLE_OBJC_ARC = YES;
				CLANG_WARN_BLOCK_CAPTURE_AUTORELEASING = YES;
				CLANG_WARN_BOOL_CONVERSION = YES;
				CLANG_WARN_COMMA = YES;
				CLANG_WARN_CONSTANT_CONVERSION = YES;
				CLANG_WARN_DEPRECATED_OBJC_IMPLEMENTATIONS = YES;
				CLANG_WARN_DIRECT_OBJC_ISA_USAGE = YES_ERROR;
				CLANG_WARN_EMPTY_BODY = YES;
				CLANG_WARN_ENUM_CONVERSION = YES;
				CLANG_WARN_INFINITE_RECURSION = YES;
				CLANG_WARN_INT_CONVERSION = YES;
				CLANG_WARN_NON_LITERAL_NULL_CONVERSION = YES;
				CLANG_WARN_OBJC_IMPLICIT_RETAIN_SELF = YES;
				CLANG_WARN_OBJC_LITERAL_CONVERSION = YES;
				CLANG_WARN_OBJC_ROOT_CLASS = YES_ERROR;
				CLANG_WARN_QUOTED_INCLUDE_IN_FRAMEWORK_HEADER = YES;
				CLANG_WARN_RANGE_LOOP_ANALYSIS = YES;
				CLANG_WARN_STRICT_PROTOTYPES = YES;
				CLANG_WARN_SUSPICIOUS_MOVE = YES;
				CLANG_WARN_UNREACHABLE_CODE = YES;
				CLANG_WARN__DUPLICATE_METHOD_MATCH = YES;
				CODE_SIGNING_REQUIRED = NO;
				CODE_SIGN_IDENTITY = "";
				COPY_PHASE_STRIP = NO;
				CURRENT_PROJECT_VERSION = 1;
				ENABLE_STRICT_OBJC_MSGSEND = YES;
				ENABLE_TESTABILITY = YES;
				ENABLE_TESTING_SEARCH_PATHS = YES;
				GCC_C_LANGUAGE_STANDARD = gnu99;
				GCC_DYNAMIC_NO_PIC = NO;
				GCC_NO_COMMON_BLOCKS = YES;
				GCC_OPTIMIZATION_LEVEL = 0;
				GCC_PREPROCESSOR_DEFINITIONS = (
					"DEBUG=1",
					"$(inherited)",
				);
				GCC_SYMBOLS_PRIVATE_EXTERN = NO;
				GCC_WARN_64_TO_32_BIT_CONVERSION = YES;
				GCC_WARN_ABOUT_MISSING_NEWLINE = YES;
				GCC_WARN_ABOUT_RETURN_TYPE = YES_ERROR;
				GCC_WARN_UNDECLARED_SELECTOR = YES;
				GCC_WARN_UNINITIALIZED_AUTOS = YES_AGGRESSIVE;
				GCC_WARN_UNUSED_FUNCTION = YES;
				GCC_WARN_UNUSED_VARIABLE = YES;
				IPHONEOS_DEPLOYMENT_TARGET = 13.0;
				MACOSX_DEPLOYMENT_TARGET = 10.15;
				METAL_ENABLE_DEBUG_INFO = YES;
				ONLY_ACTIVE_ARCH = YES;
				SDKROOT = macosx;
				SWIFT_OPTIMIZATION_LEVEL = "-Onone";
				SWIFT_SWIFT3_OBJC_INFERENCE = Off;
				SWIFT_VERSION = 5.0;
				TVOS_DEPLOYMENT_TARGET = 13.0;
				VERSIONING_SYSTEM = "apple-generic";
				VERSION_INFO_PREFIX = "";
				WATCHOS_DEPLOYMENT_TARGET = 6.0;
				XROS_DEPLOYMENT_TARGET = 1.0;
			};
			name = Debug;
		};
		DAEB6BA31943873200289F44 /* Release */ = {
			isa = XCBuildConfiguration;
			buildSettings = {
				ALWAYS_SEARCH_USER_PATHS = NO;
				CLANG_ANALYZER_LOCALIZABILITY_NONLOCALIZED = YES;
				CLANG_CXX_LANGUAGE_STANDARD = "gnu++0x";
				CLANG_CXX_LIBRARY = "libc++";
				CLANG_ENABLE_MODULES = YES;
				CLANG_ENABLE_OBJC_ARC = YES;
				CLANG_WARN_BLOCK_CAPTURE_AUTORELEASING = YES;
				CLANG_WARN_BOOL_CONVERSION = YES;
				CLANG_WARN_COMMA = YES;
				CLANG_WARN_CONSTANT_CONVERSION = YES;
				CLANG_WARN_DEPRECATED_OBJC_IMPLEMENTATIONS = YES;
				CLANG_WARN_DIRECT_OBJC_ISA_USAGE = YES_ERROR;
				CLANG_WARN_EMPTY_BODY = YES;
				CLANG_WARN_ENUM_CONVERSION = YES;
				CLANG_WARN_INFINITE_RECURSION = YES;
				CLANG_WARN_INT_CONVERSION = YES;
				CLANG_WARN_NON_LITERAL_NULL_CONVERSION = YES;
				CLANG_WARN_OBJC_IMPLICIT_RETAIN_SELF = YES;
				CLANG_WARN_OBJC_LITERAL_CONVERSION = YES;
				CLANG_WARN_OBJC_ROOT_CLASS = YES_ERROR;
				CLANG_WARN_QUOTED_INCLUDE_IN_FRAMEWORK_HEADER = YES;
				CLANG_WARN_RANGE_LOOP_ANALYSIS = YES;
				CLANG_WARN_STRICT_PROTOTYPES = YES;
				CLANG_WARN_SUSPICIOUS_MOVE = YES;
				CLANG_WARN_UNREACHABLE_CODE = YES;
				CLANG_WARN__DUPLICATE_METHOD_MATCH = YES;
				CODE_SIGNING_REQUIRED = NO;
				CODE_SIGN_IDENTITY = "";
				COPY_PHASE_STRIP = YES;
				CURRENT_PROJECT_VERSION = 1;
				DEBUG_INFORMATION_FORMAT = "dwarf-with-dsym";
				ENABLE_NS_ASSERTIONS = NO;
				ENABLE_STRICT_OBJC_MSGSEND = YES;
				ENABLE_TESTING_SEARCH_PATHS = YES;
				GCC_C_LANGUAGE_STANDARD = gnu99;
				GCC_NO_COMMON_BLOCKS = YES;
				GCC_WARN_64_TO_32_BIT_CONVERSION = YES;
				GCC_WARN_ABOUT_MISSING_NEWLINE = YES;
				GCC_WARN_ABOUT_RETURN_TYPE = YES_ERROR;
				GCC_WARN_UNDECLARED_SELECTOR = YES;
				GCC_WARN_UNINITIALIZED_AUTOS = YES_AGGRESSIVE;
				GCC_WARN_UNUSED_FUNCTION = YES;
				GCC_WARN_UNUSED_VARIABLE = YES;
				IPHONEOS_DEPLOYMENT_TARGET = 13.0;
				MACOSX_DEPLOYMENT_TARGET = 10.15;
				METAL_ENABLE_DEBUG_INFO = NO;
				SDKROOT = macosx;
				SWIFT_COMPILATION_MODE = wholemodule;
				SWIFT_SWIFT3_OBJC_INFERENCE = Off;
				SWIFT_VERSION = 5.0;
				TVOS_DEPLOYMENT_TARGET = 13.0;
				VERSIONING_SYSTEM = "apple-generic";
				VERSION_INFO_PREFIX = "";
				WATCHOS_DEPLOYMENT_TARGET = 6.0;
				XROS_DEPLOYMENT_TARGET = 1.0;
			};
			name = Release;
		};
		DAEB6BA51943873200289F44 /* Debug */ = {
			isa = XCBuildConfiguration;
			buildSettings = {
				APPLICATION_EXTENSION_API_ONLY = YES;
				BUILD_LIBRARY_FOR_DISTRIBUTION = YES;
				COMBINE_HIDPI_IMAGES = YES;
				DEFINES_MODULE = YES;
				DYLIB_COMPATIBILITY_VERSION = 1;
				DYLIB_CURRENT_VERSION = 1;
				DYLIB_INSTALL_NAME_BASE = "@rpath";
				FRAMEWORK_VERSION = A;
				INFOPLIST_FILE = Sources/Quick/Info.plist;
				INSTALL_PATH = "$(LOCAL_LIBRARY_DIR)/Frameworks";
				LD_RUNPATH_SEARCH_PATHS = (
					"$(inherited)",
					"@executable_path/../Frameworks",
					"@loader_path/../Frameworks",
				);
				OTHER_LDFLAGS = (
					"$(inherited)",
					"-Xlinker",
					"-no_application_extension",
				);
				PRODUCT_BUNDLE_IDENTIFIER = "io.quick.${PRODUCT_NAME:rfc1034identifier}";
				PRODUCT_MODULE_NAME = Quick;
				PRODUCT_NAME = Quick;
				SKIP_INSTALL = YES;
				SUPPORTED_PLATFORMS = "appletvos appletvsimulator iphoneos iphonesimulator macosx xros xrsimulator";
				SUPPORTS_MACCATALYST = YES;
				SUPPORTS_MAC_DESIGNED_FOR_IPHONE_IPAD = YES;
				SWIFT_OBJC_BRIDGING_HEADER = "";
				TARGETED_DEVICE_FAMILY = "1,2,3,7";
			};
			name = Debug;
		};
		DAEB6BA61943873200289F44 /* Release */ = {
			isa = XCBuildConfiguration;
			buildSettings = {
				APPLICATION_EXTENSION_API_ONLY = YES;
				BUILD_LIBRARY_FOR_DISTRIBUTION = YES;
				COMBINE_HIDPI_IMAGES = YES;
				DEFINES_MODULE = YES;
				DYLIB_COMPATIBILITY_VERSION = 1;
				DYLIB_CURRENT_VERSION = 1;
				DYLIB_INSTALL_NAME_BASE = "@rpath";
				FRAMEWORK_VERSION = A;
				INFOPLIST_FILE = Sources/Quick/Info.plist;
				INSTALL_PATH = "$(LOCAL_LIBRARY_DIR)/Frameworks";
				LD_RUNPATH_SEARCH_PATHS = (
					"$(inherited)",
					"@executable_path/../Frameworks",
					"@loader_path/../Frameworks",
				);
				OTHER_LDFLAGS = (
					"$(inherited)",
					"-Xlinker",
					"-no_application_extension",
				);
				PRODUCT_BUNDLE_IDENTIFIER = "io.quick.${PRODUCT_NAME:rfc1034identifier}";
				PRODUCT_MODULE_NAME = Quick;
				PRODUCT_NAME = Quick;
				SKIP_INSTALL = YES;
				SUPPORTED_PLATFORMS = "appletvos appletvsimulator iphoneos iphonesimulator macosx xros xrsimulator";
				SUPPORTS_MACCATALYST = YES;
				SUPPORTS_MAC_DESIGNED_FOR_IPHONE_IPAD = YES;
				SWIFT_COMPILATION_MODE = wholemodule;
				SWIFT_OBJC_BRIDGING_HEADER = "";
				SWIFT_OPTIMIZATION_LEVEL = "-O";
				TARGETED_DEVICE_FAMILY = "1,2,3,7";
			};
			name = Release;
		};
		DAEB6BA81943873200289F44 /* Debug */ = {
			isa = XCBuildConfiguration;
			buildSettings = {
				CLANG_ENABLE_MODULES = YES;
				COMBINE_HIDPI_IMAGES = YES;
				GCC_PREPROCESSOR_DEFINITIONS = (
					"DEBUG=1",
					"$(inherited)",
				);
				INFOPLIST_FILE = Tests/QuickTests/QuickTests/Info.plist;
				LD_RUNPATH_SEARCH_PATHS = (
					"$(inherited)",
					"@executable_path/../Frameworks",
					"@loader_path/../Frameworks",
				);
				METAL_ENABLE_DEBUG_INFO = YES;
				PRODUCT_BUNDLE_IDENTIFIER = "io.quick.${PRODUCT_NAME:rfc1034identifier}";
				PRODUCT_NAME = "$(TARGET_NAME)";
				SUPPORTED_PLATFORMS = "appletvos appletvsimulator iphoneos iphonesimulator macosx xros xrsimulator";
				SUPPORTS_MACCATALYST = YES;
				SUPPORTS_MAC_DESIGNED_FOR_IPHONE_IPAD = YES;
				SWIFT_OBJC_BRIDGING_HEADER = Tests/QuickTests/QuickTests/Helpers/QuickTestsBridgingHeader.h;
				SWIFT_OBJC_INTERFACE_HEADER_NAME = "QuickTests-Swift.h";
				SWIFT_OPTIMIZATION_LEVEL = "-Onone";
				TARGETED_DEVICE_FAMILY = "1,2,3,7";
			};
			name = Debug;
		};
		DAEB6BA91943873200289F44 /* Release */ = {
			isa = XCBuildConfiguration;
			buildSettings = {
				CLANG_ENABLE_MODULES = YES;
				COMBINE_HIDPI_IMAGES = YES;
				INFOPLIST_FILE = Tests/QuickTests/QuickTests/Info.plist;
				LD_RUNPATH_SEARCH_PATHS = (
					"$(inherited)",
					"@executable_path/../Frameworks",
					"@loader_path/../Frameworks",
				);
				METAL_ENABLE_DEBUG_INFO = NO;
				PRODUCT_BUNDLE_IDENTIFIER = "io.quick.${PRODUCT_NAME:rfc1034identifier}";
				PRODUCT_NAME = "$(TARGET_NAME)";
				SUPPORTED_PLATFORMS = "appletvos appletvsimulator iphoneos iphonesimulator macosx xros xrsimulator";
				SUPPORTS_MACCATALYST = YES;
				SUPPORTS_MAC_DESIGNED_FOR_IPHONE_IPAD = YES;
				SWIFT_COMPILATION_MODE = wholemodule;
				SWIFT_OBJC_BRIDGING_HEADER = Tests/QuickTests/QuickTests/Helpers/QuickTestsBridgingHeader.h;
				SWIFT_OBJC_INTERFACE_HEADER_NAME = "QuickTests-Swift.h";
				SWIFT_OPTIMIZATION_LEVEL = "-O";
				TARGETED_DEVICE_FAMILY = "1,2,3,7";
			};
			name = Release;
		};
/* End XCBuildConfiguration section */

/* Begin XCConfigurationList section */
		64076CF21D6D7C2000E2B499 /* Build configuration list for PBXNativeTarget "QuickAfterSuite - Tests" */ = {
			isa = XCConfigurationList;
			buildConfigurations = (
				64076CF31D6D7C2000E2B499 /* Debug */,
				64076CF41D6D7C2000E2B499 /* Release */,
			);
			defaultConfigurationIsVisible = 0;
			defaultConfigurationName = Release;
		};
		732D8D6A1E516780008558BD /* Build configuration list for PBXAggregateTarget "SwiftLint" */ = {
			isa = XCConfigurationList;
			buildConfigurations = (
				732D8D6B1E516780008558BD /* Debug */,
				732D8D6C1E516780008558BD /* Release */,
			);
			defaultConfigurationIsVisible = 0;
			defaultConfigurationName = Release;
		};
		CD89D178247A673100C1F086 /* Build configuration list for PBXNativeTarget "QuickIssue853RegressionTests" */ = {
			isa = XCConfigurationList;
			buildConfigurations = (
				CD89D179247A673100C1F086 /* Debug */,
				CD89D17A247A673100C1F086 /* Release */,
			);
			defaultConfigurationIsVisible = 0;
			defaultConfigurationName = Release;
		};
		DA5663F31A4C8D8500193C88 /* Build configuration list for PBXNativeTarget "QuickFocused - Tests" */ = {
			isa = XCConfigurationList;
			buildConfigurations = (
				DA5663F11A4C8D8500193C88 /* Debug */,
				DA5663F21A4C8D8500193C88 /* Release */,
			);
			defaultConfigurationIsVisible = 0;
			defaultConfigurationName = Release;
		};
		DAEB6B881943873100289F44 /* Build configuration list for PBXProject "Quick" */ = {
			isa = XCConfigurationList;
			buildConfigurations = (
				DAEB6BA21943873200289F44 /* Debug */,
				DAEB6BA31943873200289F44 /* Release */,
			);
			defaultConfigurationIsVisible = 0;
			defaultConfigurationName = Release;
		};
		DAEB6BA41943873200289F44 /* Build configuration list for PBXNativeTarget "Quick" */ = {
			isa = XCConfigurationList;
			buildConfigurations = (
				DAEB6BA51943873200289F44 /* Debug */,
				DAEB6BA61943873200289F44 /* Release */,
			);
			defaultConfigurationIsVisible = 0;
			defaultConfigurationName = Release;
		};
		DAEB6BA71943873200289F44 /* Build configuration list for PBXNativeTarget "Quick - Tests" */ = {
			isa = XCConfigurationList;
			buildConfigurations = (
				DAEB6BA81943873200289F44 /* Debug */,
				DAEB6BA91943873200289F44 /* Release */,
			);
			defaultConfigurationIsVisible = 0;
			defaultConfigurationName = Release;
		};
/* End XCConfigurationList section */
	};
	rootObject = DAEB6B851943873100289F44 /* Project object */;
}
