// !$*UTF8*$!
{
	archiveVersion = 1;
	classes = {
	};
	objectVersion = 46;
	objects = {

/* Begin PBXBuildFile section */
		34A91BC419418CF500B9CDEF /* Poet.swift in Sources */ = {isa = PBXBuildFile; fileRef = 34A91BC319418CF500B9CDEF /* Poet.swift */; };
		34A91BC71941951B00B9CDEF /* QuickSpec.m in Sources */ = {isa = PBXBuildFile; fileRef = 34A91BC61941951B00B9CDEF /* QuickSpec.m */; };
		34F920201941DED0003DA909 /* DSL.swift in Sources */ = {isa = PBXBuildFile; fileRef = 34F9201F1941DED0003DA909 /* DSL.swift */; };
		34F920221941DF00003DA909 /* Actual.swift in Sources */ = {isa = PBXBuildFile; fileRef = 34F920211941DF00003DA909 /* Actual.swift */; };
		34F920241941DF16003DA909 /* Matcher.swift in Sources */ = {isa = PBXBuildFile; fileRef = 34F920231941DF16003DA909 /* Matcher.swift */; };
		34F920271941DFB1003DA909 /* Equal.swift in Sources */ = {isa = PBXBuildFile; fileRef = 34F920261941DFB1003DA909 /* Equal.swift */; };
		34F9202B1941E1D3003DA909 /* BeTrue.swift in Sources */ = {isa = PBXBuildFile; fileRef = 34F9202A1941E1D3003DA909 /* BeTrue.swift */; };
		DA07BFD7193FD39200120C13 /* DSL.swift in Sources */ = {isa = PBXBuildFile; fileRef = DA07BFD0193FD39200120C13 /* DSL.swift */; };
		DA07BFD8193FD39200120C13 /* Example.swift in Sources */ = {isa = PBXBuildFile; fileRef = DA07BFD1193FD39200120C13 /* Example.swift */; };
		DA07BFD9193FD39200120C13 /* ExampleGroup.swift in Sources */ = {isa = PBXBuildFile; fileRef = DA07BFD2193FD39200120C13 /* ExampleGroup.swift */; };
		DA07BFDD193FD3DB00120C13 /* ExampleGroupTests.swift in Sources */ = {isa = PBXBuildFile; fileRef = DA07BFDC193FD3DA00120C13 /* ExampleGroupTests.swift */; };
		DA07BFE0193FD42000120C13 /* Person.swift in Sources */ = {isa = PBXBuildFile; fileRef = DA07BFDF193FD42000120C13 /* Person.swift */; };
		DA07BFE2193FD76600120C13 /* World.swift in Sources */ = {isa = PBXBuildFile; fileRef = DA07BFE1193FD76600120C13 /* World.swift */; };
		DA21735619420BC60019BA98 /* Expectation.swift in Sources */ = {isa = PBXBuildFile; fileRef = DA21735519420BC60019BA98 /* Expectation.swift */; };
		DA587A1F193FABE300EFFD5B /* Quick.h in Headers */ = {isa = PBXBuildFile; fileRef = DA587A1E193FABE300EFFD5B /* Quick.h */; settings = {ATTRIBUTES = (Public, ); }; };
		DA587A25193FABE300EFFD5B /* Quick.framework in Frameworks */ = {isa = PBXBuildFile; fileRef = DA587A19193FABE300EFFD5B /* Quick.framework */; };
		DA587A2C193FABE300EFFD5B /* FunctionalTests.swift in Sources */ = {isa = PBXBuildFile; fileRef = DA587A2B193FABE300EFFD5B /* FunctionalTests.swift */; };
		DA703ED219422AA500BFB0FC /* ContainSpec.swift in Sources */ = {isa = PBXBuildFile; fileRef = DA703ED119422AA500BFB0FC /* ContainSpec.swift */; };
		DA703ED419422AC100BFB0FC /* Contain.swift in Sources */ = {isa = PBXBuildFile; fileRef = DA703ED319422AC100BFB0FC /* Contain.swift */; };
/* End PBXBuildFile section */

/* Begin PBXContainerItemProxy section */
		DA587A26193FABE300EFFD5B /* PBXContainerItemProxy */ = {
			isa = PBXContainerItemProxy;
			containerPortal = DA587A10193FABE300EFFD5B /* Project object */;
			proxyType = 1;
			remoteGlobalIDString = DA587A18193FABE300EFFD5B;
			remoteInfo = Quick;
		};
		DA587A43193FC60A00EFFD5B /* PBXContainerItemProxy */ = {
			isa = PBXContainerItemProxy;
			containerPortal = DA587A10193FABE300EFFD5B /* Project object */;
			proxyType = 1;
			remoteGlobalIDString = DA587A18193FABE300EFFD5B;
			remoteInfo = Quick;
		};
/* End PBXContainerItemProxy section */

/* Begin PBXFileReference section */
		34A91BC319418CF500B9CDEF /* Poet.swift */ = {isa = PBXFileReference; fileEncoding = 4; lastKnownFileType = sourcecode.swift; path = Poet.swift; sourceTree = "<group>"; };
		34A91BC51941951B00B9CDEF /* QuickSpec.h */ = {isa = PBXFileReference; fileEncoding = 4; lastKnownFileType = sourcecode.c.h; path = QuickSpec.h; sourceTree = "<group>"; };
		34A91BC61941951B00B9CDEF /* QuickSpec.m */ = {isa = PBXFileReference; fileEncoding = 4; lastKnownFileType = sourcecode.c.objc; path = QuickSpec.m; sourceTree = "<group>"; };
		34F9201F1941DED0003DA909 /* DSL.swift */ = {isa = PBXFileReference; fileEncoding = 4; lastKnownFileType = sourcecode.swift; path = DSL.swift; sourceTree = "<group>"; };
		34F920211941DF00003DA909 /* Actual.swift */ = {isa = PBXFileReference; fileEncoding = 4; lastKnownFileType = sourcecode.swift; path = Actual.swift; sourceTree = "<group>"; };
		34F920231941DF16003DA909 /* Matcher.swift */ = {isa = PBXFileReference; fileEncoding = 4; lastKnownFileType = sourcecode.swift; path = Matcher.swift; sourceTree = "<group>"; };
		34F920261941DFB1003DA909 /* Equal.swift */ = {isa = PBXFileReference; fileEncoding = 4; lastKnownFileType = sourcecode.swift; path = Equal.swift; sourceTree = "<group>"; };
		34F9202A1941E1D3003DA909 /* BeTrue.swift */ = {isa = PBXFileReference; fileEncoding = 4; lastKnownFileType = sourcecode.swift; path = BeTrue.swift; sourceTree = "<group>"; };
		DA07BFD0193FD39200120C13 /* DSL.swift */ = {isa = PBXFileReference; fileEncoding = 4; lastKnownFileType = sourcecode.swift; path = DSL.swift; sourceTree = "<group>"; };
		DA07BFD1193FD39200120C13 /* Example.swift */ = {isa = PBXFileReference; fileEncoding = 4; lastKnownFileType = sourcecode.swift; path = Example.swift; sourceTree = "<group>"; };
		DA07BFD2193FD39200120C13 /* ExampleGroup.swift */ = {isa = PBXFileReference; fileEncoding = 4; lastKnownFileType = sourcecode.swift; path = ExampleGroup.swift; sourceTree = "<group>"; };
		DA07BFD6193FD39200120C13 /* Quick-Bridging-Header.h */ = {isa = PBXFileReference; fileEncoding = 4; lastKnownFileType = sourcecode.c.h; path = "Quick-Bridging-Header.h"; sourceTree = "<group>"; };
		DA07BFDC193FD3DA00120C13 /* ExampleGroupTests.swift */ = {isa = PBXFileReference; fileEncoding = 4; lastKnownFileType = sourcecode.swift; path = ExampleGroupTests.swift; sourceTree = "<group>"; };
		DA07BFDF193FD42000120C13 /* Person.swift */ = {isa = PBXFileReference; fileEncoding = 4; lastKnownFileType = sourcecode.swift; path = Person.swift; sourceTree = "<group>"; };
		DA07BFE1193FD76600120C13 /* World.swift */ = {isa = PBXFileReference; fileEncoding = 4; lastKnownFileType = sourcecode.swift; path = World.swift; sourceTree = "<group>"; };
		DA21735519420BC60019BA98 /* Expectation.swift */ = {isa = PBXFileReference; fileEncoding = 4; lastKnownFileType = sourcecode.swift; path = Expectation.swift; sourceTree = "<group>"; };
		DA587A19193FABE300EFFD5B /* Quick.framework */ = {isa = PBXFileReference; explicitFileType = wrapper.framework; includeInIndex = 0; path = Quick.framework; sourceTree = BUILT_PRODUCTS_DIR; };
		DA587A1D193FABE300EFFD5B /* Info.plist */ = {isa = PBXFileReference; lastKnownFileType = text.plist.xml; path = Info.plist; sourceTree = "<group>"; };
		DA587A1E193FABE300EFFD5B /* Quick.h */ = {isa = PBXFileReference; lastKnownFileType = sourcecode.c.h; path = Quick.h; sourceTree = "<group>"; };
		DA587A24193FABE300EFFD5B /* QuickTests.xctest */ = {isa = PBXFileReference; explicitFileType = wrapper.cfbundle; includeInIndex = 0; path = QuickTests.xctest; sourceTree = BUILT_PRODUCTS_DIR; };
		DA587A2A193FABE300EFFD5B /* Info.plist */ = {isa = PBXFileReference; lastKnownFileType = text.plist.xml; path = Info.plist; sourceTree = "<group>"; };
		DA587A2B193FABE300EFFD5B /* FunctionalTests.swift */ = {isa = PBXFileReference; lastKnownFileType = sourcecode.swift; path = FunctionalTests.swift; sourceTree = "<group>"; };
		DA703ED119422AA500BFB0FC /* ContainSpec.swift */ = {isa = PBXFileReference; fileEncoding = 4; lastKnownFileType = sourcecode.swift; path = ContainSpec.swift; sourceTree = "<group>"; };
		DA703ED319422AC100BFB0FC /* Contain.swift */ = {isa = PBXFileReference; fileEncoding = 4; lastKnownFileType = sourcecode.swift; path = Contain.swift; sourceTree = "<group>"; };
/* End PBXFileReference section */

/* Begin PBXFrameworksBuildPhase section */
		DA587A15193FABE300EFFD5B /* Frameworks */ = {
			isa = PBXFrameworksBuildPhase;
			buildActionMask = 2147483647;
			files = (
			);
			runOnlyForDeploymentPostprocessing = 0;
		};
		DA587A21193FABE300EFFD5B /* Frameworks */ = {
			isa = PBXFrameworksBuildPhase;
			buildActionMask = 2147483647;
			files = (
				DA587A25193FABE300EFFD5B /* Quick.framework in Frameworks */,
			);
			runOnlyForDeploymentPostprocessing = 0;
		};
/* End PBXFrameworksBuildPhase section */

/* Begin PBXGroup section */
		34F9201E1941DEBB003DA909 /* QuickExpectations */ = {
			isa = PBXGroup;
			children = (
				34F9201F1941DED0003DA909 /* DSL.swift */,
				34F920211941DF00003DA909 /* Actual.swift */,
				DA21735519420BC60019BA98 /* Expectation.swift */,
				34F920231941DF16003DA909 /* Matcher.swift */,
				34F920251941DFA6003DA909 /* Matchers */,
			);
			path = QuickExpectations;
			sourceTree = "<group>";
		};
		34F920251941DFA6003DA909 /* Matchers */ = {
			isa = PBXGroup;
			children = (
				34F920261941DFB1003DA909 /* Equal.swift */,
				34F9202A1941E1D3003DA909 /* BeTrue.swift */,
				DA703ED319422AC100BFB0FC /* Contain.swift */,
			);
			path = Matchers;
			sourceTree = "<group>";
		};
		DA07BFCF193FD39200120C13 /* Quick */ = {
			isa = PBXGroup;
			children = (
				DA07BFE1193FD76600120C13 /* World.swift */,
				DA07BFD0193FD39200120C13 /* DSL.swift */,
				DA07BFD1193FD39200120C13 /* Example.swift */,
				DA07BFD2193FD39200120C13 /* ExampleGroup.swift */,
				DA07BFD6193FD39200120C13 /* Quick-Bridging-Header.h */,
				34A91BC51941951B00B9CDEF /* QuickSpec.h */,
				34A91BC61941951B00B9CDEF /* QuickSpec.m */,
			);
			path = Quick;
			sourceTree = "<group>";
		};
		DA07BFDE193FD41200120C13 /* Fixtures */ = {
			isa = PBXGroup;
			children = (
				DA07BFDF193FD42000120C13 /* Person.swift */,
				34A91BC319418CF500B9CDEF /* Poet.swift */,
			);
			path = Fixtures;
			sourceTree = "<group>";
		};
		DA587A0F193FABE300EFFD5B = {
			isa = PBXGroup;
			children = (
				DA587A1B193FABE300EFFD5B /* Quick */,
				DA587A28193FABE300EFFD5B /* QuickTests */,
				DA587A1A193FABE300EFFD5B /* Products */,
			);
			sourceTree = "<group>";
		};
		DA587A1A193FABE300EFFD5B /* Products */ = {
			isa = PBXGroup;
			children = (
				DA587A19193FABE300EFFD5B /* Quick.framework */,
				DA587A24193FABE300EFFD5B /* QuickTests.xctest */,
			);
			name = Products;
			sourceTree = "<group>";
		};
		DA587A1B193FABE300EFFD5B /* Quick */ = {
			isa = PBXGroup;
			children = (
				DA587A1E193FABE300EFFD5B /* Quick.h */,
				DA587A1C193FABE300EFFD5B /* Supporting Files */,
			);
			path = Quick;
			sourceTree = "<group>";
		};
		DA587A1C193FABE300EFFD5B /* Supporting Files */ = {
			isa = PBXGroup;
			children = (
				DA587A1D193FABE300EFFD5B /* Info.plist */,
			);
			name = "Supporting Files";
			sourceTree = "<group>";
		};
		DA587A28193FABE300EFFD5B /* QuickTests */ = {
			isa = PBXGroup;
			children = (
				DA587A2B193FABE300EFFD5B /* FunctionalTests.swift */,
				DA07BFDC193FD3DA00120C13 /* ExampleGroupTests.swift */,
				DA703ED019422AA500BFB0FC /* Matchers */,
				DA07BFDE193FD41200120C13 /* Fixtures */,
				DA07BFCF193FD39200120C13 /* Quick */,
				34F9201E1941DEBB003DA909 /* QuickExpectations */,
				DA587A29193FABE300EFFD5B /* Supporting Files */,
			);
			path = QuickTests;
			sourceTree = "<group>";
		};
		DA587A29193FABE300EFFD5B /* Supporting Files */ = {
			isa = PBXGroup;
			children = (
				DA587A2A193FABE300EFFD5B /* Info.plist */,
			);
			name = "Supporting Files";
			sourceTree = "<group>";
		};
		DA703ED019422AA500BFB0FC /* Matchers */ = {
			isa = PBXGroup;
			children = (
				DA703ED119422AA500BFB0FC /* ContainSpec.swift */,
			);
			path = Matchers;
			sourceTree = "<group>";
		};
/* End PBXGroup section */

/* Begin PBXHeadersBuildPhase section */
		DA587A16193FABE300EFFD5B /* Headers */ = {
			isa = PBXHeadersBuildPhase;
			buildActionMask = 2147483647;
			files = (
				DA587A1F193FABE300EFFD5B /* Quick.h in Headers */,
			);
			runOnlyForDeploymentPostprocessing = 0;
		};
/* End PBXHeadersBuildPhase section */

/* Begin PBXNativeTarget section */
		DA587A18193FABE300EFFD5B /* Quick */ = {
			isa = PBXNativeTarget;
			buildConfigurationList = DA587A2F193FABE300EFFD5B /* Build configuration list for PBXNativeTarget "Quick" */;
			buildPhases = (
				DA587A14193FABE300EFFD5B /* Sources */,
				DA587A15193FABE300EFFD5B /* Frameworks */,
				DA587A16193FABE300EFFD5B /* Headers */,
				DA587A17193FABE300EFFD5B /* Resources */,
			);
			buildRules = (
			);
			dependencies = (
			);
			name = Quick;
			productName = Quick;
			productReference = DA587A19193FABE300EFFD5B /* Quick.framework */;
			productType = "com.apple.product-type.framework";
		};
		DA587A23193FABE300EFFD5B /* QuickTests */ = {
			isa = PBXNativeTarget;
			buildConfigurationList = DA587A32193FABE300EFFD5B /* Build configuration list for PBXNativeTarget "QuickTests" */;
			buildPhases = (
				DA587A20193FABE300EFFD5B /* Sources */,
				DA587A21193FABE300EFFD5B /* Frameworks */,
				DA587A22193FABE300EFFD5B /* Resources */,
			);
			buildRules = (
			);
			dependencies = (
				DA587A27193FABE300EFFD5B /* PBXTargetDependency */,
				DA587A44193FC60A00EFFD5B /* PBXTargetDependency */,
			);
			name = QuickTests;
			productName = QuickTests;
			productReference = DA587A24193FABE300EFFD5B /* QuickTests.xctest */;
			productType = "com.apple.product-type.bundle.unit-test";
		};
/* End PBXNativeTarget section */

/* Begin PBXProject section */
		DA587A10193FABE300EFFD5B /* Project object */ = {
			isa = PBXProject;
			attributes = {
				LastUpgradeCheck = 0600;
				ORGANIZATIONNAME = "Brian Ivan Gesiak";
				TargetAttributes = {
					DA587A18193FABE300EFFD5B = {
						CreatedOnToolsVersion = 6.0;
					};
					DA587A23193FABE300EFFD5B = {
						CreatedOnToolsVersion = 6.0;
						TestTargetID = DA587A18193FABE300EFFD5B;
					};
				};
			};
			buildConfigurationList = DA587A13193FABE300EFFD5B /* Build configuration list for PBXProject "Quick" */;
			compatibilityVersion = "Xcode 3.2";
			developmentRegion = English;
			hasScannedForEncodings = 0;
			knownRegions = (
				en,
			);
			mainGroup = DA587A0F193FABE300EFFD5B;
			productRefGroup = DA587A1A193FABE300EFFD5B /* Products */;
			projectDirPath = "";
			projectRoot = "";
			targets = (
				DA587A18193FABE300EFFD5B /* Quick */,
				DA587A23193FABE300EFFD5B /* QuickTests */,
			);
		};
/* End PBXProject section */

/* Begin PBXResourcesBuildPhase section */
		DA587A17193FABE300EFFD5B /* Resources */ = {
			isa = PBXResourcesBuildPhase;
			buildActionMask = 2147483647;
			files = (
			);
			runOnlyForDeploymentPostprocessing = 0;
		};
		DA587A22193FABE300EFFD5B /* Resources */ = {
			isa = PBXResourcesBuildPhase;
			buildActionMask = 2147483647;
			files = (
			);
			runOnlyForDeploymentPostprocessing = 0;
		};
/* End PBXResourcesBuildPhase section */

/* Begin PBXSourcesBuildPhase section */
		DA587A14193FABE300EFFD5B /* Sources */ = {
			isa = PBXSourcesBuildPhase;
			buildActionMask = 2147483647;
			files = (
			);
			runOnlyForDeploymentPostprocessing = 0;
		};
		DA587A20193FABE300EFFD5B /* Sources */ = {
			isa = PBXSourcesBuildPhase;
			buildActionMask = 2147483647;
			files = (
				DA07BFE2193FD76600120C13 /* World.swift in Sources */,
				34F920271941DFB1003DA909 /* Equal.swift in Sources */,
				DA587A2C193FABE300EFFD5B /* FunctionalTests.swift in Sources */,
				34F9202B1941E1D3003DA909 /* BeTrue.swift in Sources */,
				DA07BFD7193FD39200120C13 /* DSL.swift in Sources */,
				DA21735619420BC60019BA98 /* Expectation.swift in Sources */,
				34F920221941DF00003DA909 /* Actual.swift in Sources */,
				DA703ED219422AA500BFB0FC /* ContainSpec.swift in Sources */,
				34F920241941DF16003DA909 /* Matcher.swift in Sources */,
				34A91BC419418CF500B9CDEF /* Poet.swift in Sources */,
				DA07BFDD193FD3DB00120C13 /* ExampleGroupTests.swift in Sources */,
				DA07BFD9193FD39200120C13 /* ExampleGroup.swift in Sources */,
				DA07BFE0193FD42000120C13 /* Person.swift in Sources */,
				DA703ED419422AC100BFB0FC /* Contain.swift in Sources */,
				DA07BFD8193FD39200120C13 /* Example.swift in Sources */,
				34A91BC71941951B00B9CDEF /* QuickSpec.m in Sources */,
				34F920201941DED0003DA909 /* DSL.swift in Sources */,
			);
			runOnlyForDeploymentPostprocessing = 0;
		};
/* End PBXSourcesBuildPhase section */

/* Begin PBXTargetDependency section */
		DA587A27193FABE300EFFD5B /* PBXTargetDependency */ = {
			isa = PBXTargetDependency;
			target = DA587A18193FABE300EFFD5B /* Quick */;
			targetProxy = DA587A26193FABE300EFFD5B /* PBXContainerItemProxy */;
		};
		DA587A44193FC60A00EFFD5B /* PBXTargetDependency */ = {
			isa = PBXTargetDependency;
			target = DA587A18193FABE300EFFD5B /* Quick */;
			targetProxy = DA587A43193FC60A00EFFD5B /* PBXContainerItemProxy */;
		};
/* End PBXTargetDependency section */

/* Begin XCBuildConfiguration section */
		DA587A2D193FABE300EFFD5B /* Debug */ = {
			isa = XCBuildConfiguration;
			buildSettings = {
				ALWAYS_SEARCH_USER_PATHS = NO;
				CLANG_CXX_LANGUAGE_STANDARD = "gnu++0x";
				CLANG_CXX_LIBRARY = "libc++";
				CLANG_ENABLE_MODULES = YES;
				CLANG_ENABLE_OBJC_ARC = YES;
				CLANG_WARN_BOOL_CONVERSION = YES;
				CLANG_WARN_CONSTANT_CONVERSION = YES;
				CLANG_WARN_DIRECT_OBJC_ISA_USAGE = YES_ERROR;
				CLANG_WARN_EMPTY_BODY = YES;
				CLANG_WARN_ENUM_CONVERSION = YES;
				CLANG_WARN_INT_CONVERSION = YES;
				CLANG_WARN_OBJC_ROOT_CLASS = YES_ERROR;
				CLANG_WARN_UNREACHABLE_CODE = YES;
				CLANG_WARN__DUPLICATE_METHOD_MATCH = YES;
				"CODE_SIGN_IDENTITY[sdk=iphoneos*]" = "iPhone Developer";
				COPY_PHASE_STRIP = NO;
				CURRENT_PROJECT_VERSION = 1;
				ENABLE_STRICT_OBJC_MSGSEND = YES;
				GCC_C_LANGUAGE_STANDARD = gnu99;
				GCC_DYNAMIC_NO_PIC = NO;
				GCC_OPTIMIZATION_LEVEL = 0;
				GCC_PREPROCESSOR_DEFINITIONS = (
					"DEBUG=1",
					"$(inherited)",
				);
				GCC_SYMBOLS_PRIVATE_EXTERN = NO;
				GCC_WARN_64_TO_32_BIT_CONVERSION = YES;
				GCC_WARN_ABOUT_RETURN_TYPE = YES_ERROR;
				GCC_WARN_UNDECLARED_SELECTOR = YES;
				GCC_WARN_UNINITIALIZED_AUTOS = YES_AGGRESSIVE;
				GCC_WARN_UNUSED_FUNCTION = YES;
				GCC_WARN_UNUSED_VARIABLE = YES;
				IPHONEOS_DEPLOYMENT_TARGET = 8.0;
				METAL_ENABLE_DEBUG_INFO = YES;
				ONLY_ACTIVE_ARCH = YES;
				SDKROOT = iphoneos;
				SWIFT_OPTIMIZATION_LEVEL = "-Onone";
				TARGETED_DEVICE_FAMILY = "1,2";
				VERSIONING_SYSTEM = "apple-generic";
				VERSION_INFO_PREFIX = "";
			};
			name = Debug;
		};
		DA587A2E193FABE300EFFD5B /* Release */ = {
			isa = XCBuildConfiguration;
			buildSettings = {
				ALWAYS_SEARCH_USER_PATHS = NO;
				CLANG_CXX_LANGUAGE_STANDARD = "gnu++0x";
				CLANG_CXX_LIBRARY = "libc++";
				CLANG_ENABLE_MODULES = YES;
				CLANG_ENABLE_OBJC_ARC = YES;
				CLANG_WARN_BOOL_CONVERSION = YES;
				CLANG_WARN_CONSTANT_CONVERSION = YES;
				CLANG_WARN_DIRECT_OBJC_ISA_USAGE = YES_ERROR;
				CLANG_WARN_EMPTY_BODY = YES;
				CLANG_WARN_ENUM_CONVERSION = YES;
				CLANG_WARN_INT_CONVERSION = YES;
				CLANG_WARN_OBJC_ROOT_CLASS = YES_ERROR;
				CLANG_WARN_UNREACHABLE_CODE = YES;
				CLANG_WARN__DUPLICATE_METHOD_MATCH = YES;
				"CODE_SIGN_IDENTITY[sdk=iphoneos*]" = "iPhone Developer";
				COPY_PHASE_STRIP = YES;
				CURRENT_PROJECT_VERSION = 1;
				ENABLE_NS_ASSERTIONS = NO;
				ENABLE_STRICT_OBJC_MSGSEND = YES;
				GCC_C_LANGUAGE_STANDARD = gnu99;
				GCC_WARN_64_TO_32_BIT_CONVERSION = YES;
				GCC_WARN_ABOUT_RETURN_TYPE = YES_ERROR;
				GCC_WARN_UNDECLARED_SELECTOR = YES;
				GCC_WARN_UNINITIALIZED_AUTOS = YES_AGGRESSIVE;
				GCC_WARN_UNUSED_FUNCTION = YES;
				GCC_WARN_UNUSED_VARIABLE = YES;
				IPHONEOS_DEPLOYMENT_TARGET = 8.0;
				METAL_ENABLE_DEBUG_INFO = NO;
				SDKROOT = iphoneos;
				TARGETED_DEVICE_FAMILY = "1,2";
				VALIDATE_PRODUCT = YES;
				VERSIONING_SYSTEM = "apple-generic";
				VERSION_INFO_PREFIX = "";
			};
			name = Release;
		};
		DA587A30193FABE300EFFD5B /* Debug */ = {
			isa = XCBuildConfiguration;
			buildSettings = {
				DEFINES_MODULE = YES;
				DYLIB_COMPATIBILITY_VERSION = 1;
				DYLIB_CURRENT_VERSION = 1;
				DYLIB_INSTALL_NAME_BASE = "@rpath";
				INFOPLIST_FILE = Quick/Info.plist;
				INSTALL_PATH = "$(LOCAL_LIBRARY_DIR)/Frameworks";
				LD_RUNPATH_SEARCH_PATHS = "$(inherited) @executable_path/Frameworks @loader_path/Frameworks";
				PRODUCT_NAME = "$(TARGET_NAME)";
				SKIP_INSTALL = YES;
			};
			name = Debug;
		};
		DA587A31193FABE300EFFD5B /* Release */ = {
			isa = XCBuildConfiguration;
			buildSettings = {
				DEFINES_MODULE = YES;
				DYLIB_COMPATIBILITY_VERSION = 1;
				DYLIB_CURRENT_VERSION = 1;
				DYLIB_INSTALL_NAME_BASE = "@rpath";
				INFOPLIST_FILE = Quick/Info.plist;
				INSTALL_PATH = "$(LOCAL_LIBRARY_DIR)/Frameworks";
				LD_RUNPATH_SEARCH_PATHS = "$(inherited) @executable_path/Frameworks @loader_path/Frameworks";
				PRODUCT_NAME = "$(TARGET_NAME)";
				SKIP_INSTALL = YES;
			};
			name = Release;
		};
		DA587A33193FABE300EFFD5B /* Debug */ = {
			isa = XCBuildConfiguration;
			buildSettings = {
				CLANG_ENABLE_MODULES = YES;
				FRAMEWORK_SEARCH_PATHS = (
					"$(SDKROOT)/Developer/Library/Frameworks",
					"$(inherited)",
				);
				GCC_PREPROCESSOR_DEFINITIONS = (
					"DEBUG=1",
					"$(inherited)",
				);
				INFOPLIST_FILE = QuickTests/Info.plist;
				LD_RUNPATH_SEARCH_PATHS = "$(inherited) @executable_path/Frameworks @loader_path/Frameworks";
				METAL_ENABLE_DEBUG_INFO = YES;
				PRODUCT_NAME = "$(TARGET_NAME)";
				SWIFT_OBJC_BRIDGING_HEADER = "QuickTests/Quick/Quick-Bridging-Header.h";
				SWIFT_OPTIMIZATION_LEVEL = "-Onone";
			};
			name = Debug;
		};
		DA587A34193FABE300EFFD5B /* Release */ = {
			isa = XCBuildConfiguration;
			buildSettings = {
				CLANG_ENABLE_MODULES = YES;
				FRAMEWORK_SEARCH_PATHS = (
					"$(SDKROOT)/Developer/Library/Frameworks",
					"$(inherited)",
				);
				INFOPLIST_FILE = QuickTests/Info.plist;
				LD_RUNPATH_SEARCH_PATHS = "$(inherited) @executable_path/Frameworks @loader_path/Frameworks";
				METAL_ENABLE_DEBUG_INFO = NO;
				PRODUCT_NAME = "$(TARGET_NAME)";
				SWIFT_OBJC_BRIDGING_HEADER = "QuickTests/Quick/Quick-Bridging-Header.h";
			};
			name = Release;
		};
/* End XCBuildConfiguration section */

/* Begin XCConfigurationList section */
		DA587A13193FABE300EFFD5B /* Build configuration list for PBXProject "Quick" */ = {
			isa = XCConfigurationList;
			buildConfigurations = (
				DA587A2D193FABE300EFFD5B /* Debug */,
				DA587A2E193FABE300EFFD5B /* Release */,
			);
			defaultConfigurationIsVisible = 0;
			defaultConfigurationName = Release;
		};
		DA587A2F193FABE300EFFD5B /* Build configuration list for PBXNativeTarget "Quick" */ = {
			isa = XCConfigurationList;
			buildConfigurations = (
				DA587A30193FABE300EFFD5B /* Debug */,
				DA587A31193FABE300EFFD5B /* Release */,
			);
			defaultConfigurationIsVisible = 0;
			defaultConfigurationName = Release;
		};
		DA587A32193FABE300EFFD5B /* Build configuration list for PBXNativeTarget "QuickTests" */ = {
			isa = XCConfigurationList;
			buildConfigurations = (
				DA587A33193FABE300EFFD5B /* Debug */,
				DA587A34193FABE300EFFD5B /* Release */,
			);
			defaultConfigurationIsVisible = 0;
			defaultConfigurationName = Release;
		};
/* End XCConfigurationList section */
	};
	rootObject = DA587A10193FABE300EFFD5B /* Project object */;
}
