// !$*UTF8*$!
{
	archiveVersion = 1;
	classes = {
	};
	objectVersion = 46;
	objects = {

/* Begin PBXBuildFile section */
		DAB405A21943906A00942733 /* main.swift in Sources */ = {isa = PBXBuildFile; fileRef = DAB405A11943906A00942733 /* main.swift */; };
		DAB405A41943906A00942733 /* ViewController.swift in Sources */ = {isa = PBXBuildFile; fileRef = DAB405A31943906A00942733 /* ViewController.swift */; };
		DAB405A61943906A00942733 /* AppDelegate.swift in Sources */ = {isa = PBXBuildFile; fileRef = DAB405A51943906A00942733 /* AppDelegate.swift */; };
		DAB405A81943906A00942733 /* Images.xcassets in Resources */ = {isa = PBXBuildFile; fileRef = DAB405A71943906A00942733 /* Images.xcassets */; };
		DAB405AB1943906B00942733 /* Main.storyboard in Resources */ = {isa = PBXBuildFile; fileRef = DAB405A91943906B00942733 /* Main.storyboard */; };
		DAB405B71943906B00942733 /* ViewControllerSpec.swift in Sources */ = {isa = PBXBuildFile; fileRef = DAB405B61943906B00942733 /* ViewControllerSpec.swift */; };
		DAB405CD194390AE00942733 /* Quick.framework in Frameworks */ = {isa = PBXBuildFile; fileRef = DAB405C61943907E00942733 /* Quick.framework */; };
/* End PBXBuildFile section */

/* Begin PBXContainerItemProxy section */
		DAB405B11943906B00942733 /* PBXContainerItemProxy */ = {
			isa = PBXContainerItemProxy;
			containerPortal = DAB405941943906A00942733 /* Project object */;
			proxyType = 1;
			remoteGlobalIDString = DAB4059B1943906A00942733;
			remoteInfo = Example;
		};
		DAB405C51943907E00942733 /* PBXContainerItemProxy */ = {
			isa = PBXContainerItemProxy;
			containerPortal = DAB405C01943907D00942733 /* Quick.xcodeproj */;
			proxyType = 2;
			remoteGlobalIDString = DAEB6B8E1943873100289F44;
			remoteInfo = Quick;
		};
		DAB405C71943907E00942733 /* PBXContainerItemProxy */ = {
			isa = PBXContainerItemProxy;
			containerPortal = DAB405C01943907D00942733 /* Quick.xcodeproj */;
			proxyType = 2;
			remoteGlobalIDString = DAEB6B991943873100289F44;
			remoteInfo = QuickTests;
		};
		DAB405C9194390A600942733 /* PBXContainerItemProxy */ = {
			isa = PBXContainerItemProxy;
			containerPortal = DAB405941943906A00942733 /* Project object */;
			proxyType = 1;
			remoteGlobalIDString = DAB4059B1943906A00942733;
			remoteInfo = Example;
		};
		DAB405CB194390A600942733 /* PBXContainerItemProxy */ = {
			isa = PBXContainerItemProxy;
			containerPortal = DAB405941943906A00942733 /* Project object */;
			proxyType = 1;
			remoteGlobalIDString = DAB4059B1943906A00942733;
			remoteInfo = Example;
		};
/* End PBXContainerItemProxy section */

/* Begin PBXFileReference section */
		DAB4059C1943906A00942733 /* Example.app */ = {isa = PBXFileReference; explicitFileType = wrapper.application; includeInIndex = 0; path = Example.app; sourceTree = BUILT_PRODUCTS_DIR; };
		DAB405A01943906A00942733 /* Info.plist */ = {isa = PBXFileReference; lastKnownFileType = text.plist.xml; path = Info.plist; sourceTree = "<group>"; };
		DAB405A11943906A00942733 /* main.swift */ = {isa = PBXFileReference; lastKnownFileType = sourcecode.swift; path = main.swift; sourceTree = "<group>"; };
		DAB405A31943906A00942733 /* ViewController.swift */ = {isa = PBXFileReference; lastKnownFileType = sourcecode.swift; path = ViewController.swift; sourceTree = "<group>"; };
		DAB405A51943906A00942733 /* AppDelegate.swift */ = {isa = PBXFileReference; lastKnownFileType = sourcecode.swift; path = AppDelegate.swift; sourceTree = "<group>"; };
		DAB405A71943906A00942733 /* Images.xcassets */ = {isa = PBXFileReference; lastKnownFileType = folder.assetcatalog; path = Images.xcassets; sourceTree = "<group>"; };
		DAB405AA1943906B00942733 /* Base */ = {isa = PBXFileReference; lastKnownFileType = file.storyboard; name = Base; path = Base.lproj/Main.storyboard; sourceTree = "<group>"; };
		DAB405B01943906B00942733 /* ExampleTests.xctest */ = {isa = PBXFileReference; explicitFileType = wrapper.cfbundle; includeInIndex = 0; path = ExampleTests.xctest; sourceTree = BUILT_PRODUCTS_DIR; };
		DAB405B51943906B00942733 /* Info.plist */ = {isa = PBXFileReference; lastKnownFileType = text.plist.xml; path = Info.plist; sourceTree = "<group>"; };
		DAB405B61943906B00942733 /* ViewControllerSpec.swift */ = {isa = PBXFileReference; lastKnownFileType = sourcecode.swift; path = ViewControllerSpec.swift; sourceTree = "<group>"; };
		DAB405C01943907D00942733 /* Quick.xcodeproj */ = {isa = PBXFileReference; lastKnownFileType = "wrapper.pb-project"; name = Quick.xcodeproj; path = ../../Quick.xcodeproj; sourceTree = "<group>"; };
/* End PBXFileReference section */

/* Begin PBXFrameworksBuildPhase section */
		DAB405991943906A00942733 /* Frameworks */ = {
			isa = PBXFrameworksBuildPhase;
			buildActionMask = 2147483647;
			files = (
			);
			runOnlyForDeploymentPostprocessing = 0;
		};
		DAB405AD1943906B00942733 /* Frameworks */ = {
			isa = PBXFrameworksBuildPhase;
			buildActionMask = 2147483647;
			files = (
				DAB405CD194390AE00942733 /* Quick.framework in Frameworks */,
			);
			runOnlyForDeploymentPostprocessing = 0;
		};
/* End PBXFrameworksBuildPhase section */

/* Begin PBXGroup section */
		DAB405931943906A00942733 = {
			isa = PBXGroup;
			children = (
				DAB4059E1943906A00942733 /* Example */,
				DAB405B31943906B00942733 /* ExampleTests */,
				DAB4059D1943906A00942733 /* Products */,
			);
			sourceTree = "<group>";
		};
		DAB4059D1943906A00942733 /* Products */ = {
			isa = PBXGroup;
			children = (
				DAB4059C1943906A00942733 /* Example.app */,
				DAB405B01943906B00942733 /* ExampleTests.xctest */,
			);
			name = Products;
			sourceTree = "<group>";
		};
		DAB4059E1943906A00942733 /* Example */ = {
			isa = PBXGroup;
			children = (
				DAB405A51943906A00942733 /* AppDelegate.swift */,
				DAB405A31943906A00942733 /* ViewController.swift */,
				DAB405A91943906B00942733 /* Main.storyboard */,
				DAB405A71943906A00942733 /* Images.xcassets */,
				DAB4059F1943906A00942733 /* Supporting Files */,
			);
			path = Example;
			sourceTree = "<group>";
		};
		DAB4059F1943906A00942733 /* Supporting Files */ = {
			isa = PBXGroup;
			children = (
				DAB405A01943906A00942733 /* Info.plist */,
				DAB405A11943906A00942733 /* main.swift */,
			);
			name = "Supporting Files";
			sourceTree = "<group>";
		};
		DAB405B31943906B00942733 /* ExampleTests */ = {
			isa = PBXGroup;
			children = (
				DAB405B61943906B00942733 /* ViewControllerSpec.swift */,
				DAB405B41943906B00942733 /* Supporting Files */,
				DAB405C01943907D00942733 /* Quick.xcodeproj */,
			);
			path = ExampleTests;
			sourceTree = "<group>";
		};
		DAB405B41943906B00942733 /* Supporting Files */ = {
			isa = PBXGroup;
			children = (
				DAB405B51943906B00942733 /* Info.plist */,
			);
			name = "Supporting Files";
			sourceTree = "<group>";
		};
		DAB405C11943907D00942733 /* Products */ = {
			isa = PBXGroup;
			children = (
				DAB405C61943907E00942733 /* Quick.framework */,
				DAB405C81943907E00942733 /* QuickTests.xctest */,
			);
			name = Products;
			sourceTree = "<group>";
		};
/* End PBXGroup section */

/* Begin PBXNativeTarget section */
		DAB4059B1943906A00942733 /* Example */ = {
			isa = PBXNativeTarget;
			buildConfigurationList = DAB405BA1943906B00942733 /* Build configuration list for PBXNativeTarget "Example" */;
			buildPhases = (
				DAB405981943906A00942733 /* Sources */,
				DAB405991943906A00942733 /* Frameworks */,
				DAB4059A1943906A00942733 /* Resources */,
			);
			buildRules = (
			);
			dependencies = (
			);
			name = Example;
			productName = Example;
			productReference = DAB4059C1943906A00942733 /* Example.app */;
			productType = "com.apple.product-type.application";
		};
		DAB405AF1943906B00942733 /* ExampleTests */ = {
			isa = PBXNativeTarget;
			buildConfigurationList = DAB405BD1943906B00942733 /* Build configuration list for PBXNativeTarget "ExampleTests" */;
			buildPhases = (
				DAB405AC1943906B00942733 /* Sources */,
				DAB405AD1943906B00942733 /* Frameworks */,
				DAB405AE1943906B00942733 /* Resources */,
			);
			buildRules = (
			);
			dependencies = (
				DAB405B21943906B00942733 /* PBXTargetDependency */,
				DAB405CA194390A600942733 /* PBXTargetDependency */,
				DAB405CC194390A600942733 /* PBXTargetDependency */,
			);
			name = ExampleTests;
			productName = ExampleTests;
			productReference = DAB405B01943906B00942733 /* ExampleTests.xctest */;
			productType = "com.apple.product-type.bundle.unit-test";
		};
/* End PBXNativeTarget section */

/* Begin PBXProject section */
		DAB405941943906A00942733 /* Project object */ = {
			isa = PBXProject;
			attributes = {
				LastUpgradeCheck = 0600;
				ORGANIZATIONNAME = "Brian Ivan Gesiak";
				TargetAttributes = {
					DAB4059B1943906A00942733 = {
						CreatedOnToolsVersion = 6.0;
					};
					DAB405AF1943906B00942733 = {
						CreatedOnToolsVersion = 6.0;
						TestTargetID = DAB4059B1943906A00942733;
					};
				};
			};
			buildConfigurationList = DAB405971943906A00942733 /* Build configuration list for PBXProject "Example" */;
			compatibilityVersion = "Xcode 3.2";
			developmentRegion = English;
			hasScannedForEncodings = 0;
			knownRegions = (
				en,
				Base,
			);
			mainGroup = DAB405931943906A00942733;
			productRefGroup = DAB4059D1943906A00942733 /* Products */;
			projectDirPath = "";
			projectReferences = (
				{
					ProductGroup = DAB405C11943907D00942733 /* Products */;
					ProjectRef = DAB405C01943907D00942733 /* Quick.xcodeproj */;
				},
			);
			projectRoot = "";
			targets = (
				DAB4059B1943906A00942733 /* Example */,
				DAB405AF1943906B00942733 /* ExampleTests */,
			);
		};
/* End PBXProject section */

/* Begin PBXReferenceProxy section */
		DAB405C61943907E00942733 /* Quick.framework */ = {
			isa = PBXReferenceProxy;
			fileType = wrapper.framework;
			path = Quick.framework;
			remoteRef = DAB405C51943907E00942733 /* PBXContainerItemProxy */;
			sourceTree = BUILT_PRODUCTS_DIR;
		};
		DAB405C81943907E00942733 /* QuickTests.xctest */ = {
			isa = PBXReferenceProxy;
			fileType = wrapper.cfbundle;
			path = QuickTests.xctest;
			remoteRef = DAB405C71943907E00942733 /* PBXContainerItemProxy */;
			sourceTree = BUILT_PRODUCTS_DIR;
		};
/* End PBXReferenceProxy section */

/* Begin PBXResourcesBuildPhase section */
		DAB4059A1943906A00942733 /* Resources */ = {
			isa = PBXResourcesBuildPhase;
			buildActionMask = 2147483647;
			files = (
				DAB405A81943906A00942733 /* Images.xcassets in Resources */,
				DAB405AB1943906B00942733 /* Main.storyboard in Resources */,
			);
			runOnlyForDeploymentPostprocessing = 0;
		};
		DAB405AE1943906B00942733 /* Resources */ = {
			isa = PBXResourcesBuildPhase;
			buildActionMask = 2147483647;
			files = (
			);
			runOnlyForDeploymentPostprocessing = 0;
		};
/* End PBXResourcesBuildPhase section */

/* Begin PBXSourcesBuildPhase section */
		DAB405981943906A00942733 /* Sources */ = {
			isa = PBXSourcesBuildPhase;
			buildActionMask = 2147483647;
			files = (
				DAB405A61943906A00942733 /* AppDelegate.swift in Sources */,
				DAB405A41943906A00942733 /* ViewController.swift in Sources */,
				DAB405A21943906A00942733 /* main.swift in Sources */,
			);
			runOnlyForDeploymentPostprocessing = 0;
		};
		DAB405AC1943906B00942733 /* Sources */ = {
			isa = PBXSourcesBuildPhase;
			buildActionMask = 2147483647;
			files = (
				DAB405B71943906B00942733 /* ViewControllerSpec.swift in Sources */,
			);
			runOnlyForDeploymentPostprocessing = 0;
		};
/* End PBXSourcesBuildPhase section */

/* Begin PBXTargetDependency section */
		DAB405B21943906B00942733 /* PBXTargetDependency */ = {
			isa = PBXTargetDependency;
			target = DAB4059B1943906A00942733 /* Example */;
			targetProxy = DAB405B11943906B00942733 /* PBXContainerItemProxy */;
		};
		DAB405CA194390A600942733 /* PBXTargetDependency */ = {
			isa = PBXTargetDependency;
			target = DAB4059B1943906A00942733 /* Example */;
			targetProxy = DAB405C9194390A600942733 /* PBXContainerItemProxy */;
		};
		DAB405CC194390A600942733 /* PBXTargetDependency */ = {
			isa = PBXTargetDependency;
			target = DAB4059B1943906A00942733 /* Example */;
			targetProxy = DAB405CB194390A600942733 /* PBXContainerItemProxy */;
		};
/* End PBXTargetDependency section */

/* Begin PBXVariantGroup section */
		DAB405A91943906B00942733 /* Main.storyboard */ = {
			isa = PBXVariantGroup;
			children = (
				DAB405AA1943906B00942733 /* Base */,
			);
			name = Main.storyboard;
			sourceTree = "<group>";
		};
/* End PBXVariantGroup section */

/* Begin XCBuildConfiguration section */
		DAB405B81943906B00942733 /* Debug */ = {
			isa = XCBuildConfiguration;
			buildSettings = {
				ALWAYS_SEARCH_USER_PATHS = NO;
				CLANG_CXX_LANGUAGE_STANDARD = "gnu++0x";
				CLANG_CXX_LIBRARY = "libc++";
				CLANG_ENABLE_MODULES = YES;
				CLANG_ENABLE_OBJC_ARC = YES;
				CLANG_WARN_BOOL_CONVERSION = YES;
				CLANG_WARN_CONSTANT_CONVERSION = YES;
				CLANG_WARN_DIRECT_OBJC_ISA_USAGE = YES_ERROR;
				CLANG_WARN_EMPTY_BODY = YES;
				CLANG_WARN_ENUM_CONVERSION = YES;
				CLANG_WARN_INT_CONVERSION = YES;
				CLANG_WARN_OBJC_ROOT_CLASS = YES_ERROR;
				CLANG_WARN_UNREACHABLE_CODE = YES;
				CLANG_WARN__DUPLICATE_METHOD_MATCH = YES;
				CODE_SIGN_IDENTITY = "-";
				COPY_PHASE_STRIP = NO;
				ENABLE_STRICT_OBJC_MSGSEND = YES;
				GCC_C_LANGUAGE_STANDARD = gnu99;
				GCC_DYNAMIC_NO_PIC = NO;
				GCC_OPTIMIZATION_LEVEL = 0;
				GCC_PREPROCESSOR_DEFINITIONS = (
					"DEBUG=1",
					"$(inherited)",
				);
				GCC_SYMBOLS_PRIVATE_EXTERN = NO;
				GCC_WARN_64_TO_32_BIT_CONVERSION = YES;
				GCC_WARN_ABOUT_RETURN_TYPE = YES_ERROR;
				GCC_WARN_UNDECLARED_SELECTOR = YES;
				GCC_WARN_UNINITIALIZED_AUTOS = YES_AGGRESSIVE;
				GCC_WARN_UNUSED_FUNCTION = YES;
				GCC_WARN_UNUSED_VARIABLE = YES;
				MACOSX_DEPLOYMENT_TARGET = 10.10;
				METAL_ENABLE_DEBUG_INFO = YES;
				ONLY_ACTIVE_ARCH = YES;
				SDKROOT = macosx;
				SWIFT_OPTIMIZATION_LEVEL = "-Onone";
			};
			name = Debug;
		};
		DAB405B91943906B00942733 /* Release */ = {
			isa = XCBuildConfiguration;
			buildSettings = {
				ALWAYS_SEARCH_USER_PATHS = NO;
				CLANG_CXX_LANGUAGE_STANDARD = "gnu++0x";
				CLANG_CXX_LIBRARY = "libc++";
				CLANG_ENABLE_MODULES = YES;
				CLANG_ENABLE_OBJC_ARC = YES;
				CLANG_WARN_BOOL_CONVERSION = YES;
				CLANG_WARN_CONSTANT_CONVERSION = YES;
				CLANG_WARN_DIRECT_OBJC_ISA_USAGE = YES_ERROR;
				CLANG_WARN_EMPTY_BODY = YES;
				CLANG_WARN_ENUM_CONVERSION = YES;
				CLANG_WARN_INT_CONVERSION = YES;
				CLANG_WARN_OBJC_ROOT_CLASS = YES_ERROR;
				CLANG_WARN_UNREACHABLE_CODE = YES;
				CLANG_WARN__DUPLICATE_METHOD_MATCH = YES;
				CODE_SIGN_IDENTITY = "-";
				COPY_PHASE_STRIP = YES;
				DEBUG_INFORMATION_FORMAT = "dwarf-with-dsym";
				ENABLE_NS_ASSERTIONS = NO;
				ENABLE_STRICT_OBJC_MSGSEND = YES;
				GCC_C_LANGUAGE_STANDARD = gnu99;
				GCC_WARN_64_TO_32_BIT_CONVERSION = YES;
				GCC_WARN_ABOUT_RETURN_TYPE = YES_ERROR;
				GCC_WARN_UNDECLARED_SELECTOR = YES;
				GCC_WARN_UNINITIALIZED_AUTOS = YES_AGGRESSIVE;
				GCC_WARN_UNUSED_FUNCTION = YES;
				GCC_WARN_UNUSED_VARIABLE = YES;
				MACOSX_DEPLOYMENT_TARGET = 10.10;
				METAL_ENABLE_DEBUG_INFO = NO;
				SDKROOT = macosx;
			};
			name = Release;
		};
		DAB405BB1943906B00942733 /* Debug */ = {
			isa = XCBuildConfiguration;
			buildSettings = {
				ASSETCATALOG_COMPILER_APPICON_NAME = AppIcon;
				COMBINE_HIDPI_IMAGES = YES;
				INFOPLIST_FILE = Example/Info.plist;
				LD_RUNPATH_SEARCH_PATHS = "$(inherited) @executable_path/../Frameworks";
				PRODUCT_NAME = "$(TARGET_NAME)";
			};
			name = Debug;
		};
		DAB405BC1943906B00942733 /* Release */ = {
			isa = XCBuildConfiguration;
			buildSettings = {
				ASSETCATALOG_COMPILER_APPICON_NAME = AppIcon;
				COMBINE_HIDPI_IMAGES = YES;
				INFOPLIST_FILE = Example/Info.plist;
				LD_RUNPATH_SEARCH_PATHS = "$(inherited) @executable_path/../Frameworks";
				PRODUCT_NAME = "$(TARGET_NAME)";
			};
			name = Release;
		};
		DAB405BE1943906B00942733 /* Debug */ = {
			isa = XCBuildConfiguration;
			buildSettings = {
				BUNDLE_LOADER = "$(BUILT_PRODUCTS_DIR)/Example.app/Contents/MacOS/Example";
				COMBINE_HIDPI_IMAGES = YES;
				FRAMEWORK_SEARCH_PATHS = (
					"$(DEVELOPER_FRAMEWORKS_DIR)",
					"$(inherited)",
				);
				GCC_PREPROCESSOR_DEFINITIONS = (
					"DEBUG=1",
					"$(inherited)",
				);
				INFOPLIST_FILE = ExampleTests/Info.plist;
				LD_RUNPATH_SEARCH_PATHS = "$(inherited) @executable_path/../Frameworks @loader_path/../Frameworks";
				METAL_ENABLE_DEBUG_INFO = YES;
				PRODUCT_NAME = "$(TARGET_NAME)";
				TEST_HOST = "$(BUNDLE_LOADER)";
			};
			name = Debug;
		};
		DAB405BF1943906B00942733 /* Release */ = {
			isa = XCBuildConfiguration;
			buildSettings = {
				BUNDLE_LOADER = "$(BUILT_PRODUCTS_DIR)/Example.app/Contents/MacOS/Example";
				COMBINE_HIDPI_IMAGES = YES;
				FRAMEWORK_SEARCH_PATHS = (
					"$(DEVELOPER_FRAMEWORKS_DIR)",
					"$(inherited)",
				);
				INFOPLIST_FILE = ExampleTests/Info.plist;
				LD_RUNPATH_SEARCH_PATHS = "$(inherited) @executable_path/../Frameworks @loader_path/../Frameworks";
				METAL_ENABLE_DEBUG_INFO = NO;
				PRODUCT_NAME = "$(TARGET_NAME)";
				TEST_HOST = "$(BUNDLE_LOADER)";
			};
			name = Release;
		};
/* End XCBuildConfiguration section */

/* Begin XCConfigurationList section */
		DAB405971943906A00942733 /* Build configuration list for PBXProject "Example" */ = {
			isa = XCConfigurationList;
			buildConfigurations = (
				DAB405B81943906B00942733 /* Debug */,
				DAB405B91943906B00942733 /* Release */,
			);
			defaultConfigurationIsVisible = 0;
			defaultConfigurationName = Release;
		};
		DAB405BA1943906B00942733 /* Build configuration list for PBXNativeTarget "Example" */ = {
			isa = XCConfigurationList;
			buildConfigurations = (
				DAB405BB1943906B00942733 /* Debug */,
				DAB405BC1943906B00942733 /* Release */,
			);
			defaultConfigurationIsVisible = 0;
		};
		DAB405BD1943906B00942733 /* Build configuration list for PBXNativeTarget "ExampleTests" */ = {
			isa = XCConfigurationList;
			buildConfigurations = (
				DAB405BE1943906B00942733 /* Debug */,
				DAB405BF1943906B00942733 /* Release */,
			);
			defaultConfigurationIsVisible = 0;
		};
/* End XCConfigurationList section */
	};
	rootObject = DAB405941943906A00942733 /* Project object */;
}
